#MicroXplorer Configuration settings - do not modify
Mcu.Family=STM32G4
ProjectManager.MainLocation=Core/Src
RCC.I2SFreq_Value=170000000
RCC.USART1Freq_Value=170000000
RCC.PLLQoutputFreq_Value=56666666.666666664
ProjectManager.ProjectFileName=G4-no-xtal.ioc
RCC.SAI1Freq_Value=170000000
RCC.CortexFreq_Value=170000000
ProjectManager.KeepUserCode=true
Mcu.UserName=STM32G474CETx
Mcu.PinsNb=16
ProjectManager.NoMain=false
ProjectManager.functionlistsort=
RCC.EXTERNAL_CLOCK_VALUE=12288000
ProjectManager.DefaultFWLocation=true
RCC.USART2Freq_Value=170000000
ProjectManager.DeletePrevious=true
PF1-OSC_OUT.Locked=true
SH.S_TIM1_CH1.ConfNb=1
PB14.Locked=true
RCC.QSPIFreq_Value=170000000
PB15.Signal=SPI2_MOSI
PB13.Signal=SPI2_SCK
PinOutPanel.RotationAngle=0
RCC.FamilyName=M
RCC.MCO1PinFreq_Value=16000000
RCC.SYSCLKSource=RCC_SYSCLKSOURCE_PLLCLK
ProjectManager.StackSize=0x400
RCC.I2C3Freq_Value=170000000
RCC.LPTIM1Freq_Value=170000000
PA13.Signal=SYS_JTMS-SWDIO
Mcu.IP4=SYS
RCC.FCLKCortexFreq_Value=170000000
Mcu.IP2=NVIC
NVIC.SVCall_IRQn=true\:0\:0\:false\:false\:true\:false\:false
Mcu.IP3=RCC
Mcu.IP0=FDCAN2
Mcu.IP1=FDCAN3
SH.S_TIM1_CH1.0=TIM1_CH1
Mcu.UserConstants=
ProjectManager.TargetToolchain=EWARM V8.32
Mcu.ThirdPartyNb=0
RCC.HCLKFreq_Value=170000000
RCC.I2C4Freq_Value=170000000
Mcu.IPNb=5
ProjectManager.PreviousToolchain=
RCC.APB2TimFreq_Value=170000000
PA9.Signal=USART1_TX
PB6.Signal=FDCAN2_TX
PB6.Mode=FDCAN_Activate
Mcu.Pin6=PA9
Mcu.Pin7=PA10
ProjectManager.RegisterCallBack=
Mcu.Pin8=PA13
RCC.USBFreq_Value=56666666.666666664
Mcu.Pin9=PA14
RCC.LSE_VALUE=32768
RCC.AHBFreq_Value=170000000
PB13.Locked=true
Mcu.Pin0=PF0-OSC_IN
Mcu.Pin1=PF1-OSC_OUT
PF0-OSC_IN.Mode=HSE-External-Oscillator
GPIO.groupedBy=
Mcu.Pin2=PB13
Mcu.Pin3=PB14
RCC.USART3Freq_Value=170000000
Mcu.Pin4=PB15
PB14.Signal=SPI2_MISO
Mcu.Pin5=PA8
ProjectManager.ProjectBuild=false
RCC.HSE_VALUE=8000000
NVIC.UsageFault_IRQn=true\:0\:0\:false\:false\:true\:false\:false
NVIC.DebugMonitor_IRQn=true\:0\:0\:false\:false\:true\:false\:false
PB3.Mode=FDCAN_Activate
PA8.Locked=true
board=custom
RCC.VCOOutputFreq_Value=340000000
NVIC.SysTick_IRQn=true\:0\:0\:false\:false\:true\:false\:true
RCC.ADC12Freq_Value=170000000
ProjectManager.LastFirmware=true
ProjectManager.FirmwarePackage=STM32Cube FW_G4 V1.3.0
RCC.ADC345Freq_Value=170000000
MxDb.Version=DB.6.0.10
RCC.APB2Freq_Value=170000000
RCC.UART4Freq_Value=170000000
PB4.Mode=FDCAN_Activate
ProjectManager.BackupPrevious=false
MxCube.Version=6.1.1
RCC.VCOInputFreq_Value=4000000
RCC.I2C1Freq_Value=170000000
VP_SYS_VS_DBSignals.Signal=SYS_VS_DBSignals
PF0-OSC_IN.Locked=true
RCC.FDCANFreq_Value=56666666.666666664
RCC.RNGFreq_Value=56666666.666666664
PB5.Mode=FDCAN_Activate
File.Version=6
VP_SYS_VS_Systick.Mode=SysTick
VP_SYS_VS_DBSignals.Mode=DisableDeadBatterySignals
PA9.Locked=true
PA8.Signal=S_TIM1_CH1
NVIC.NonMaskableInt_IRQn=true\:0\:0\:false\:false\:true\:false\:false
RCC.PLLRCLKFreq_Value=170000000
PB6.Locked=true
NVIC.PendSV_IRQn=true\:0\:0\:false\:false\:true\:false\:false
RCC.UART5Freq_Value=170000000
ProjectManager.FreePins=false
RCC.IPParameters=ADC12Freq_Value,ADC345Freq_Value,AHBFreq_Value,APB1Freq_Value,APB1TimFreq_Value,APB2Freq_Value,APB2TimFreq_Value,CRSFreq_Value,CortexFreq_Value,EXTERNAL_CLOCK_VALUE,FCLKCortexFreq_Value,FDCANCLockSelection,FDCANFreq_Value,FamilyName,HCLKFreq_Value,HRTIM1Freq_Value,HSE_VALUE,HSI48_VALUE,HSI_VALUE,I2C1Freq_Value,I2C2Freq_Value,I2C3Freq_Value,I2C4Freq_Value,I2SFreq_Value,LPTIM1Freq_Value,LPUART1Freq_Value,LSCOPinFreq_Value,LSE_VALUE,LSI_VALUE,MCO1PinFreq_Value,PLLM,PLLN,PLLPoutputFreq_Value,PLLQ,PLLQoutputFreq_Value,PLLRCLKFreq_Value,PWRFreq_Value,QSPIFreq_Value,RNGFreq_Value,SAI1Freq_Value,SYSCLKFreq_VALUE,SYSCLKSource,UART4Freq_Value,UART5Freq_Value,USART1Freq_Value,USART2Freq_Value,USART3Freq_Value,USBFreq_Value,VCOInputFreq_Value,VCOOutputFreq_Value
ProjectManager.AskForMigrate=true
Mcu.Name=STM32G474C(B-C-E)Tx
ProjectManager.HalAssertFull=false
RCC.CRSFreq_Value=48000000
ProjectManager.ProjectName=G4-no-xtal
ProjectManager.UnderRoot=false
ProjectManager.CoupleFile=false
PB4.Locked=true
PB3.Signal=FDCAN3_RX
RCC.SYSCLKFreq_VALUE=170000000
Mcu.Package=LQFP48
PB5.Signal=FDCAN2_RX
PA10.Locked=true
NVIC.ForceEnableDMAVector=true
KeepUserPlacement=false
NVIC.MemoryManagement_IRQn=true\:0\:0\:false\:false\:true\:false\:false
PA14.Locked=true
PA13.Locked=true
ProjectManager.CompilerOptimize=6
ProjectManager.ToolChainLocation=
RCC.LSI_VALUE=32000
VP_SYS_VS_Systick.Signal=SYS_VS_Systick
RCC.LSCOPinFreq_Value=32000
PA10.Signal=USART1_RX
PA14.Signal=SYS_JTCK-SWCLK
ProjectManager.HeapSize=0x200
Mcu.Pin15=VP_SYS_VS_DBSignals
NVIC.HardFault_IRQn=true\:0\:0\:false\:false\:true\:false\:false
Mcu.Pin13=PB6
Mcu.Pin14=VP_SYS_VS_Systick
ProjectManager.ComputerToolchain=false
RCC.HSI_VALUE=16000000
RCC.PLLQ=RCC_PLLQ_DIV6
NVIC.PriorityGroup=NVIC_PRIORITYGROUP_4
Mcu.Pin11=PB4
Mcu.Pin12=PB5
RCC.PLLM=RCC_PLLM_DIV4
RCC.PLLPoutputFreq_Value=170000000
RCC.PLLN=85
Mcu.Pin10=PB3
RCC.APB1TimFreq_Value=170000000
RCC.FDCANCLockSelection=RCC_FDCANCLKSOURCE_PLL
NVIC.BusFault_IRQn=true\:0\:0\:false\:false\:true\:false\:false
RCC.PWRFreq_Value=170000000
RCC.LPUART1Freq_Value=170000000
PF0-OSC_IN.Signal=RCC_OSC_IN
PF1-OSC_OUT.Mode=HSE-External-Oscillator
RCC.I2C2Freq_Value=170000000
RCC.APB1Freq_Value=170000000
ProjectManager.CustomerFirmwarePackage=
ProjectManager.DeviceId=STM32G474CETx
PF1-OSC_OUT.Signal=RCC_OSC_OUT
ProjectManager.LibraryCopy=0
RCC.HSI48_VALUE=48000000
PB4.Signal=FDCAN3_TX
PB3.Locked=true
PB15.Locked=true
RCC.HRTIM1Freq_Value=170000000
