
Microsoft Visual Studio Solution File, Format Version 12.00
# Visual Studio 2012
Project("{8BC9CEB8-8B4A-11D0-8D11-00A0C91BC942}") = "ArduPlane", "ArduPlane\ArduPlane.vcxproj", "{7DACB4B4-A241-46FB-9165-55A763102C29}"
EndProject
Project("{8BC9CEB8-8B4A-11D0-8D11-00A0C91BC942}") = "AP_RangeFinder", "libraries\AP_RangeFinder\AP_RangeFinder\AP_RangeFinder.vcxproj", "{0A918770-C596-47EB-9028-C999678E81DE}"
EndProject
Global
	GlobalSection(SolutionConfigurationPlatforms) = preSolution
		Debug|Win32 = Debug|Win32
		Release|Win32 = Release|Win32
	EndGlobalSection
	GlobalSection(ProjectConfigurationPlatforms) = postSolution
		{7DACB4B4-A241-46FB-9165-55A763102C29}.Debug|Win32.ActiveCfg = Debug|Win32
		{7DACB4B4-A241-46FB-9165-55A763102C29}.Debug|Win32.Build.0 = Debug|Win32
		{7DACB4B4-A241-46FB-9165-55A763102C29}.Release|Win32.ActiveCfg = Release|Win32
		{7DACB4B4-A241-46FB-9165-55A763102C29}.Release|Win32.Build.0 = Release|Win32
		{0A918770-C596-47EB-9028-C999678E81DE}.Debug|Win32.ActiveCfg = Debug|Win32
		{0A918770-C596-47EB-9028-C999678E81DE}.Debug|Win32.Build.0 = Debug|Win32
		{0A918770-C596-47EB-9028-C999678E81DE}.Release|Win32.ActiveCfg = Release|Win32
		{0A918770-C596-47EB-9028-C999678E81DE}.Release|Win32.Build.0 = Release|Win32
	EndGlobalSection
	GlobalSection(SolutionProperties) = preSolution
		HideSolutionNode = FALSE
	EndGlobalSection
EndGlobal
