#MicroXplorer Configuration settings - do not modify
Mcu.Family=STM32G4
ProjectManager.MainLocation=Core/Src
I2C2.IPParameters=Timing
PA6.Mode=Full_Duplex_Master
RCC.USART1Freq_Value=168000000
RCC.SAI1Freq_Value=168000000
USART2.IPParameters=VirtualMode-Asynchronous
RCC.CortexFreq_Value=168000000
SPI3.Direction=SPI_DIRECTION_2LINES
SPI3.VirtualType=VM_MASTER
ProjectManager.KeepUserCode=true
Mcu.UserName=STM32G491VCTx
SPI1.VirtualType=VM_MASTER
SPI2.VirtualType=VM_MASTER
PB10.Mode=Asynchronous
PC10.Signal=UART4_TX
PC12.Signal=UART5_TX
I2C2.Timing=0x60505F8C
ProjectManager.functionlistsort=
RCC.USART2Freq_Value=168000000
PC5.Mode=Asynchronous
USART1.IPParameters=VirtualMode-Asynchronous
PB15.Signal=SPI2_MOSI
PB13.Signal=FDCAN2_TX
PinOutPanel.RotationAngle=0
RCC.MCO1PinFreq_Value=16000000
RCC.SYSCLKSource=RCC_SYSCLKSOURCE_PLLCLK
ProjectManager.StackSize=0x400
USART3.VirtualMode-Asynchronous=VM_ASYNC
RCC.I2C3Freq_Value=168000000
RCC.LPTIM1Freq_Value=168000000
Mcu.IP4=I2C2
Mcu.IP5=I2C3
RCC.FCLKCortexFreq_Value=168000000
Mcu.IP2=FDCAN2
I2C1.IPParameters=Timing
NVIC.SVCall_IRQn=true\:0\:0\:false\:false\:true\:false\:false
Mcu.IP3=I2C1
Mcu.IP0=ADC1
Mcu.IP1=FDCAN1
Mcu.UserConstants=
Mcu.ThirdPartyNb=0
SPI1.Direction=SPI_DIRECTION_2LINES
RCC.HCLKFreq_Value=168000000
Mcu.IPNb=18
ProjectManager.PreviousToolchain=
RCC.APB2TimFreq_Value=168000000
SPI1.CalculateBaudRate=84.0 MBits/s
Mcu.Pin6=PA5
PD0.Signal=FDCAN1_RX
Mcu.Pin7=PA6
Mcu.Pin8=PA7
Mcu.Pin9=PC4
RCC.AHBFreq_Value=168000000
SPI2.BaudRatePrescaler=SPI_BAUDRATEPRESCALER_2
Mcu.Pin0=PF9
Mcu.Pin1=PF0-OSC_IN
GPIO.groupedBy=
Mcu.Pin2=PF1-OSC_OUT
Mcu.Pin3=PA0
RCC.USART3Freq_Value=168000000
Mcu.Pin4=PA2
Mcu.Pin5=PA3
ADC1.Channel-0\#ChannelRegularConversion=ADC_CHANNEL_1
I2C3.IPParameters=Timing
ProjectManager.ProjectBuild=false
RCC.HSE_VALUE=24000000
NVIC.UsageFault_IRQn=true\:0\:0\:false\:false\:true\:false\:false
NVIC.DebugMonitor_IRQn=true\:0\:0\:false\:false\:true\:false\:false
PB3.Mode=Full_Duplex_Master
Mcu.IP10=SPI3
USART2.VirtualMode-Asynchronous=VM_ASYNC
NVIC.SysTick_IRQn=true\:0\:0\:false\:false\:true\:false\:true
RCC.ADC12Freq_Value=168000000
Mcu.IP12=TIM1
Mcu.IP11=SYS
ProjectManager.FirmwarePackage=STM32Cube FW_G4 V1.3.0
Mcu.IP17=USART3
MxDb.Version=DB.6.0.10
Mcu.IP14=UART5
PF9.Mode=Full_Duplex_Master
PB4.Mode=Full_Duplex_Master
Mcu.IP13=UART4
Mcu.IP16=USART2
ProjectManager.BackupPrevious=false
Mcu.IP15=USART1
RCC.VCOInputFreq_Value=6000000
PA14.Mode=I2C
PB14.Mode=Full_Duplex_Master
PB5.Mode=Full_Duplex_Master
File.Version=6
PA0.Mode=IN1-Single-Ended
PC9.Mode=I2C
SPI2.CalculateBaudRate=84.0 MBits/s
VP_SYS_VS_DBSignals.Mode=DisableDeadBatterySignals
PA8.Signal=I2C2_SDA
RCC.PLLRCLKFreq_Value=168000000
NVIC.PendSV_IRQn=true\:0\:0\:false\:false\:true\:false\:false
ProjectManager.HalAssertFull=false
VP_TIM1_VS_ClockSourceINT.Mode=Internal
ADC1.SamplingTime-0\#ChannelRegularConversion=ADC_SAMPLETIME_2CYCLES_5
RCC.CRSFreq_Value=48000000
ProjectManager.ProjectName=G491-24MHz
PA0.Signal=ADC1_IN1
Mcu.Package=LQFP100
PA6.Signal=SPI1_MISO
PB12.Mode=FDCAN_Activate
SPI2.Mode=SPI_MODE_MASTER
SPI3.Mode=SPI_MODE_MASTER
ProjectManager.ToolChainLocation=
RCC.LSI_VALUE=32000
VP_SYS_VS_Systick.Signal=SYS_VS_Systick
RCC.LSCOPinFreq_Value=32000
USART3.IPParameters=VirtualMode-Asynchronous
PC11.Mode=Asynchronous
I2C3.Timing=0x60505F8C
RCC.PLLPoutputFreq_Value=168000000
RCC.APB1TimFreq_Value=168000000
NVIC.BusFault_IRQn=true\:0\:0\:false\:false\:true\:false\:false
RCC.LPUART1Freq_Value=168000000
SPI3.IPParameters=VirtualType,Mode,Direction,BaudRatePrescaler,CalculateBaudRate
SPI2.Direction=SPI_DIRECTION_2LINES
PC5.Signal=USART1_RX
PB13.Mode=FDCAN_Activate
PF1-OSC_OUT.Mode=HSE-External-Oscillator
SPI1.BaudRatePrescaler=SPI_BAUDRATEPRESCALER_2
ProjectManager.CustomerFirmwarePackage=
PF1-OSC_OUT.Signal=RCC_OSC_OUT
PC4.Mode=I2C
RCC.HSI48_VALUE=48000000
PB4.Signal=SPI3_MISO
RCC.HRTIM1Freq_Value=168000000
PA3.Signal=USART2_RX
PA5.Mode=Full_Duplex_Master
RCC.PLLSourceVirtual=RCC_PLLSOURCE_HSE
RCC.I2SFreq_Value=168000000
RCC.PLLQoutputFreq_Value=168000000
ProjectManager.ProjectFileName=G491-24MHz.ioc
ADC1.Rank-0\#ChannelRegularConversion=1
PA7.Mode=Full_Duplex_Master
Mcu.PinsNb=35
ProjectManager.NoMain=false
SPI1.IPParameters=VirtualType,Mode,Direction,BaudRatePrescaler,CalculateBaudRate
ADC1.IPParameters=Rank-0\#ChannelRegularConversion,master,Channel-0\#ChannelRegularConversion,SamplingTime-0\#ChannelRegularConversion,OffsetNumber-0\#ChannelRegularConversion,NbrOfConversionFlag
ADC1.OffsetNumber-0\#ChannelRegularConversion=ADC_OFFSET_NONE
PC11.Signal=UART4_RX
PC8.Signal=I2C3_SCL
PC4.Signal=I2C2_SCL
PC10.Mode=Asynchronous
PD1.Signal=FDCAN1_TX
RCC.EXTERNAL_CLOCK_VALUE=12288000
ProjectManager.DefaultFWLocation=true
ProjectManager.DeletePrevious=true
RCC.QSPIFreq_Value=168000000
RCC.FamilyName=M
USART1.VirtualMode-Asynchronous=VM_ASYNC
PA13.Signal=I2C1_SCL
PA3.Mode=Asynchronous
PA9.Mode=Asynchronous
ProjectManager.TargetToolchain=EWARM V8.32
PA9.Signal=USART1_TX
VP_TIM1_VS_ClockSourceINT.Signal=TIM1_VS_ClockSourceINT
I2C1.Timing=0x60505F8C
SPI2.IPParameters=VirtualType,Mode,Direction,BaudRatePrescaler,CalculateBaudRate
ProjectManager.RegisterCallBack=
RCC.USBFreq_Value=48000000
RCC.LSE_VALUE=32768
PF0-OSC_IN.Mode=HSE-External-Oscillator
PB10.Signal=USART3_TX
PB14.Signal=SPI2_MISO
PD2.Mode=Asynchronous
PA5.Signal=SPI1_SCK
PC12.Mode=Asynchronous
board=custom
RCC.VCOOutputFreq_Value=336000000
ProjectManager.LastFirmware=true
PB15.Mode=Full_Duplex_Master
PD1.Mode=FDCAN_Activate
RCC.ADC345Freq_Value=168000000
RCC.APB2Freq_Value=168000000
RCC.UART4Freq_Value=168000000
SPI3.CalculateBaudRate=84.0 MBits/s
PE15.Signal=USART3_RX
MxCube.Version=6.1.1
RCC.I2C1Freq_Value=168000000
SPI1.Mode=SPI_MODE_MASTER
VP_SYS_VS_DBSignals.Signal=SYS_VS_DBSignals
RCC.FDCANFreq_Value=168000000
RCC.RNGFreq_Value=48000000
Mcu.Pin30=PB4
SPI3.BaudRatePrescaler=SPI_BAUDRATEPRESCALER_2
VP_SYS_VS_Systick.Mode=SysTick
Mcu.Pin33=VP_SYS_VS_DBSignals
Mcu.Pin34=VP_TIM1_VS_ClockSourceINT
Mcu.Pin31=PB5
Mcu.Pin32=VP_SYS_VS_Systick
NVIC.NonMaskableInt_IRQn=true\:0\:0\:false\:false\:true\:false\:false
RCC.UART5Freq_Value=168000000
PA13.Mode=I2C
ProjectManager.FreePins=false
RCC.IPParameters=ADC12Freq_Value,ADC345Freq_Value,AHBFreq_Value,APB1Freq_Value,APB1TimFreq_Value,APB2Freq_Value,APB2TimFreq_Value,CRSFreq_Value,CortexFreq_Value,EXTERNAL_CLOCK_VALUE,FCLKCortexFreq_Value,FDCANFreq_Value,FamilyName,HCLKFreq_Value,HRTIM1Freq_Value,HSE_VALUE,HSI48_VALUE,HSI_VALUE,I2C1Freq_Value,I2C2Freq_Value,I2C3Freq_Value,I2SFreq_Value,LPTIM1Freq_Value,LPUART1Freq_Value,LSCOPinFreq_Value,LSE_VALUE,LSI_VALUE,MCO1PinFreq_Value,PLLM,PLLN,PLLPoutputFreq_Value,PLLQoutputFreq_Value,PLLRCLKFreq_Value,PLLSourceVirtual,PWRFreq_Value,QSPIFreq_Value,RNGFreq_Value,SAI1Freq_Value,SYSCLKFreq_VALUE,SYSCLKSource,UART4Freq_Value,UART5Freq_Value,USART1Freq_Value,USART2Freq_Value,USART3Freq_Value,USBFreq_Value,VCOInputFreq_Value,VCOOutputFreq_Value
ProjectManager.AskForMigrate=true
Mcu.Name=STM32G491V(C-E)Tx
PD0.Mode=FDCAN_Activate
Mcu.Pin26=PD0
Mcu.Pin27=PD1
Mcu.Pin24=PC11
PA2.Signal=USART2_TX
ProjectManager.UnderRoot=false
Mcu.Pin25=PC12
Mcu.IP8=SPI1
Mcu.IP9=SPI2
Mcu.Pin28=PD2
Mcu.IP6=NVIC
PC8.Mode=I2C
Mcu.Pin29=PB3
Mcu.IP7=RCC
ProjectManager.CoupleFile=false
PB3.Signal=SPI3_SCK
RCC.SYSCLKFreq_VALUE=168000000
Mcu.Pin22=PA14
PB5.Signal=SPI3_MOSI
Mcu.Pin23=PC10
Mcu.Pin20=PA9
ADC1.master=1
Mcu.Pin21=PA13
NVIC.ForceEnableDMAVector=true
KeepUserPlacement=false
NVIC.MemoryManagement_IRQn=true\:0\:0\:false\:false\:true\:false\:false
ProjectManager.CompilerOptimize=6
PA14.Signal=I2C1_SDA
ProjectManager.HeapSize=0x200
Mcu.Pin15=PB14
NVIC.HardFault_IRQn=true\:0\:0\:false\:false\:true\:false\:false
Mcu.Pin16=PB15
Mcu.Pin13=PB12
Mcu.Pin14=PB13
Mcu.Pin19=PA8
ProjectManager.ComputerToolchain=false
PF9.Signal=SPI2_SCK
Mcu.Pin17=PC8
RCC.HSI_VALUE=16000000
Mcu.Pin18=PC9
NVIC.PriorityGroup=NVIC_PRIORITYGROUP_4
ADC1.NbrOfConversionFlag=1
Mcu.Pin11=PE15
Mcu.Pin12=PB10
RCC.PLLM=RCC_PLLM_DIV4
RCC.PLLN=56
Mcu.Pin10=PC5
PA2.Mode=Asynchronous
RCC.PWRFreq_Value=168000000
PA8.Mode=I2C
PC9.Signal=I2C3_SDA
PF0-OSC_IN.Signal=RCC_OSC_IN
PD2.Signal=UART5_RX
RCC.I2C2Freq_Value=168000000
RCC.APB1Freq_Value=168000000
ProjectManager.DeviceId=STM32G491VCTx
PB12.Signal=FDCAN2_RX
ProjectManager.LibraryCopy=0
PE15.Mode=Asynchronous
PA7.Signal=SPI1_MOSI
