#MicroXplorer Configuration settings - do not modify
ADC1.Channel-0\#ChannelRegularConversion=ADC_CHANNEL_2
ADC1.IPParameters=Rank-0\#ChannelRegularConversion,Channel-0\#ChannelRegularConversion,SamplingTime-0\#ChannelRegularConversion,OffsetNumber-0\#ChannelRegularConversion,OffsetSignedSaturation-0\#ChannelRegularConversion,NbrOfConversionFlag,master
ADC1.NbrOfConversionFlag=1
ADC1.OffsetNumber-0\#ChannelRegularConversion=ADC_OFFSET_NONE
ADC1.OffsetSignedSaturation-0\#ChannelRegularConversion=DISABLE
ADC1.Rank-0\#ChannelRegularConversion=1
ADC1.SamplingTime-0\#ChannelRegularConversion=ADC_SAMPLETIME_1CYCLE_5
ADC1.master=1
Bdma.I2C4_RX.2.Direction=DMA_PERIPH_TO_MEMORY
Bdma.I2C4_RX.2.EventEnable=DISABLE
Bdma.I2C4_RX.2.Instance=BDMA_Channel2
Bdma.I2C4_RX.2.MemDataAlignment=DMA_MDATAALIGN_BYTE
Bdma.I2C4_RX.2.MemInc=DMA_MINC_ENABLE
Bdma.I2C4_RX.2.Mode=DMA_NORMAL
Bdma.I2C4_RX.2.PeriphDataAlignment=DMA_PDATAALIGN_BYTE
Bdma.I2C4_RX.2.PeriphInc=DMA_PINC_DISABLE
Bdma.I2C4_RX.2.Polarity=HAL_DMAMUX_REQ_GEN_RISING
Bdma.I2C4_RX.2.Priority=DMA_PRIORITY_LOW
Bdma.I2C4_RX.2.RequestNumber=1
Bdma.I2C4_RX.2.RequestParameters=Instance,Direction,PeriphInc,MemInc,PeriphDataAlignment,MemDataAlignment,Mode,Priority,SignalID,Polarity,RequestNumber,SyncSignalID,SyncPolarity,SyncEnable,EventEnable,SyncRequestNumber
Bdma.I2C4_RX.2.SignalID=NONE
Bdma.I2C4_RX.2.SyncEnable=DISABLE
Bdma.I2C4_RX.2.SyncPolarity=HAL_DMAMUX_SYNC_NO_EVENT
Bdma.I2C4_RX.2.SyncRequestNumber=1
Bdma.I2C4_RX.2.SyncSignalID=NONE
Bdma.I2C4_TX.3.Direction=DMA_MEMORY_TO_PERIPH
Bdma.I2C4_TX.3.EventEnable=DISABLE
Bdma.I2C4_TX.3.Instance=BDMA_Channel3
Bdma.I2C4_TX.3.MemDataAlignment=DMA_MDATAALIGN_BYTE
Bdma.I2C4_TX.3.MemInc=DMA_MINC_ENABLE
Bdma.I2C4_TX.3.Mode=DMA_NORMAL
Bdma.I2C4_TX.3.PeriphDataAlignment=DMA_PDATAALIGN_BYTE
Bdma.I2C4_TX.3.PeriphInc=DMA_PINC_DISABLE
Bdma.I2C4_TX.3.Polarity=HAL_DMAMUX_REQ_GEN_RISING
Bdma.I2C4_TX.3.Priority=DMA_PRIORITY_LOW
Bdma.I2C4_TX.3.RequestNumber=1
Bdma.I2C4_TX.3.RequestParameters=Instance,Direction,PeriphInc,MemInc,PeriphDataAlignment,MemDataAlignment,Mode,Priority,SignalID,Polarity,RequestNumber,SyncSignalID,SyncPolarity,SyncEnable,EventEnable,SyncRequestNumber
Bdma.I2C4_TX.3.SignalID=NONE
Bdma.I2C4_TX.3.SyncEnable=DISABLE
Bdma.I2C4_TX.3.SyncPolarity=HAL_DMAMUX_SYNC_NO_EVENT
Bdma.I2C4_TX.3.SyncRequestNumber=1
Bdma.I2C4_TX.3.SyncSignalID=NONE
Bdma.Request0=SPI6_RX
Bdma.Request1=SPI6_TX
Bdma.Request2=I2C4_RX
Bdma.Request3=I2C4_TX
Bdma.RequestsNb=4
Bdma.SPI6_RX.0.Direction=DMA_PERIPH_TO_MEMORY
Bdma.SPI6_RX.0.EventEnable=DISABLE
Bdma.SPI6_RX.0.Instance=BDMA_Channel0
Bdma.SPI6_RX.0.MemDataAlignment=DMA_MDATAALIGN_BYTE
Bdma.SPI6_RX.0.MemInc=DMA_MINC_ENABLE
Bdma.SPI6_RX.0.Mode=DMA_NORMAL
Bdma.SPI6_RX.0.PeriphDataAlignment=DMA_PDATAALIGN_BYTE
Bdma.SPI6_RX.0.PeriphInc=DMA_PINC_DISABLE
Bdma.SPI6_RX.0.Polarity=HAL_DMAMUX_REQ_GEN_RISING
Bdma.SPI6_RX.0.Priority=DMA_PRIORITY_LOW
Bdma.SPI6_RX.0.RequestNumber=1
Bdma.SPI6_RX.0.RequestParameters=Instance,Direction,PeriphInc,MemInc,PeriphDataAlignment,MemDataAlignment,Mode,Priority,SignalID,Polarity,RequestNumber,SyncSignalID,SyncPolarity,SyncEnable,EventEnable,SyncRequestNumber
Bdma.SPI6_RX.0.SignalID=NONE
Bdma.SPI6_RX.0.SyncEnable=DISABLE
Bdma.SPI6_RX.0.SyncPolarity=HAL_DMAMUX_SYNC_NO_EVENT
Bdma.SPI6_RX.0.SyncRequestNumber=1
Bdma.SPI6_RX.0.SyncSignalID=NONE
Bdma.SPI6_TX.1.Direction=DMA_MEMORY_TO_PERIPH
Bdma.SPI6_TX.1.EventEnable=DISABLE
Bdma.SPI6_TX.1.Instance=BDMA_Channel1
Bdma.SPI6_TX.1.MemDataAlignment=DMA_MDATAALIGN_BYTE
Bdma.SPI6_TX.1.MemInc=DMA_MINC_ENABLE
Bdma.SPI6_TX.1.Mode=DMA_NORMAL
Bdma.SPI6_TX.1.PeriphDataAlignment=DMA_PDATAALIGN_BYTE
Bdma.SPI6_TX.1.PeriphInc=DMA_PINC_DISABLE
Bdma.SPI6_TX.1.Polarity=HAL_DMAMUX_REQ_GEN_RISING
Bdma.SPI6_TX.1.Priority=DMA_PRIORITY_LOW
Bdma.SPI6_TX.1.RequestNumber=1
Bdma.SPI6_TX.1.RequestParameters=Instance,Direction,PeriphInc,MemInc,PeriphDataAlignment,MemDataAlignment,Mode,Priority,SignalID,Polarity,RequestNumber,SyncSignalID,SyncPolarity,SyncEnable,EventEnable,SyncRequestNumber
Bdma.SPI6_TX.1.SignalID=NONE
Bdma.SPI6_TX.1.SyncEnable=DISABLE
Bdma.SPI6_TX.1.SyncPolarity=HAL_DMAMUX_SYNC_NO_EVENT
Bdma.SPI6_TX.1.SyncRequestNumber=1
Bdma.SPI6_TX.1.SyncSignalID=NONE
Dma.I2C1_RX.8.Direction=DMA_PERIPH_TO_MEMORY
Dma.I2C1_RX.8.EventEnable=DISABLE
Dma.I2C1_RX.8.FIFOMode=DMA_FIFOMODE_DISABLE
Dma.I2C1_RX.8.Instance=DMA2_Stream0
Dma.I2C1_RX.8.MemDataAlignment=DMA_MDATAALIGN_BYTE
Dma.I2C1_RX.8.MemInc=DMA_MINC_ENABLE
Dma.I2C1_RX.8.Mode=DMA_NORMAL
Dma.I2C1_RX.8.PeriphDataAlignment=DMA_PDATAALIGN_BYTE
Dma.I2C1_RX.8.PeriphInc=DMA_PINC_DISABLE
Dma.I2C1_RX.8.Polarity=HAL_DMAMUX_REQ_GEN_RISING
Dma.I2C1_RX.8.Priority=DMA_PRIORITY_LOW
Dma.I2C1_RX.8.RequestNumber=1
Dma.I2C1_RX.8.RequestParameters=Instance,Direction,PeriphInc,MemInc,PeriphDataAlignment,MemDataAlignment,Mode,Priority,FIFOMode,SignalID,Polarity,RequestNumber,SyncSignalID,SyncPolarity,SyncEnable,EventEnable,SyncRequestNumber
Dma.I2C1_RX.8.SignalID=NONE
Dma.I2C1_RX.8.SyncEnable=DISABLE
Dma.I2C1_RX.8.SyncPolarity=HAL_DMAMUX_SYNC_NO_EVENT
Dma.I2C1_RX.8.SyncRequestNumber=1
Dma.I2C1_RX.8.SyncSignalID=NONE
Dma.I2C1_TX.9.Direction=DMA_MEMORY_TO_PERIPH
Dma.I2C1_TX.9.EventEnable=DISABLE
Dma.I2C1_TX.9.FIFOMode=DMA_FIFOMODE_DISABLE
Dma.I2C1_TX.9.Instance=DMA2_Stream1
Dma.I2C1_TX.9.MemDataAlignment=DMA_MDATAALIGN_BYTE
Dma.I2C1_TX.9.MemInc=DMA_MINC_ENABLE
Dma.I2C1_TX.9.Mode=DMA_NORMAL
Dma.I2C1_TX.9.PeriphDataAlignment=DMA_PDATAALIGN_BYTE
Dma.I2C1_TX.9.PeriphInc=DMA_PINC_DISABLE
Dma.I2C1_TX.9.Polarity=HAL_DMAMUX_REQ_GEN_RISING
Dma.I2C1_TX.9.Priority=DMA_PRIORITY_LOW
Dma.I2C1_TX.9.RequestNumber=1
Dma.I2C1_TX.9.RequestParameters=Instance,Direction,PeriphInc,MemInc,PeriphDataAlignment,MemDataAlignment,Mode,Priority,FIFOMode,SignalID,Polarity,RequestNumber,SyncSignalID,SyncPolarity,SyncEnable,EventEnable,SyncRequestNumber
Dma.I2C1_TX.9.SignalID=NONE
Dma.I2C1_TX.9.SyncEnable=DISABLE
Dma.I2C1_TX.9.SyncPolarity=HAL_DMAMUX_SYNC_NO_EVENT
Dma.I2C1_TX.9.SyncRequestNumber=1
Dma.I2C1_TX.9.SyncSignalID=NONE
Dma.I2C2_RX.10.Direction=DMA_PERIPH_TO_MEMORY
Dma.I2C2_RX.10.EventEnable=DISABLE
Dma.I2C2_RX.10.FIFOMode=DMA_FIFOMODE_DISABLE
Dma.I2C2_RX.10.Instance=DMA2_Stream2
Dma.I2C2_RX.10.MemDataAlignment=DMA_MDATAALIGN_BYTE
Dma.I2C2_RX.10.MemInc=DMA_MINC_ENABLE
Dma.I2C2_RX.10.Mode=DMA_NORMAL
Dma.I2C2_RX.10.PeriphDataAlignment=DMA_PDATAALIGN_BYTE
Dma.I2C2_RX.10.PeriphInc=DMA_PINC_DISABLE
Dma.I2C2_RX.10.Polarity=HAL_DMAMUX_REQ_GEN_RISING
Dma.I2C2_RX.10.Priority=DMA_PRIORITY_LOW
Dma.I2C2_RX.10.RequestNumber=1
Dma.I2C2_RX.10.RequestParameters=Instance,Direction,PeriphInc,MemInc,PeriphDataAlignment,MemDataAlignment,Mode,Priority,FIFOMode,SignalID,Polarity,RequestNumber,SyncSignalID,SyncPolarity,SyncEnable,EventEnable,SyncRequestNumber
Dma.I2C2_RX.10.SignalID=NONE
Dma.I2C2_RX.10.SyncEnable=DISABLE
Dma.I2C2_RX.10.SyncPolarity=HAL_DMAMUX_SYNC_NO_EVENT
Dma.I2C2_RX.10.SyncRequestNumber=1
Dma.I2C2_RX.10.SyncSignalID=NONE
Dma.I2C2_TX.11.Direction=DMA_MEMORY_TO_PERIPH
Dma.I2C2_TX.11.EventEnable=DISABLE
Dma.I2C2_TX.11.FIFOMode=DMA_FIFOMODE_DISABLE
Dma.I2C2_TX.11.Instance=DMA2_Stream3
Dma.I2C2_TX.11.MemDataAlignment=DMA_MDATAALIGN_BYTE
Dma.I2C2_TX.11.MemInc=DMA_MINC_ENABLE
Dma.I2C2_TX.11.Mode=DMA_NORMAL
Dma.I2C2_TX.11.PeriphDataAlignment=DMA_PDATAALIGN_BYTE
Dma.I2C2_TX.11.PeriphInc=DMA_PINC_DISABLE
Dma.I2C2_TX.11.Polarity=HAL_DMAMUX_REQ_GEN_RISING
Dma.I2C2_TX.11.Priority=DMA_PRIORITY_LOW
Dma.I2C2_TX.11.RequestNumber=1
Dma.I2C2_TX.11.RequestParameters=Instance,Direction,PeriphInc,MemInc,PeriphDataAlignment,MemDataAlignment,Mode,Priority,FIFOMode,SignalID,Polarity,RequestNumber,SyncSignalID,SyncPolarity,SyncEnable,EventEnable,SyncRequestNumber
Dma.I2C2_TX.11.SignalID=NONE
Dma.I2C2_TX.11.SyncEnable=DISABLE
Dma.I2C2_TX.11.SyncPolarity=HAL_DMAMUX_SYNC_NO_EVENT
Dma.I2C2_TX.11.SyncRequestNumber=1
Dma.I2C2_TX.11.SyncSignalID=NONE
Dma.Request0=SPI1_RX
Dma.Request1=SPI1_TX
Dma.Request10=I2C2_RX
Dma.Request11=I2C2_TX
Dma.Request2=SPI2_RX
Dma.Request3=SPI2_TX
Dma.Request4=SPI4_RX
Dma.Request5=SPI4_TX
Dma.Request6=SPI5_RX
Dma.Request7=SPI5_TX
Dma.Request8=I2C1_RX
Dma.Request9=I2C1_TX
Dma.RequestsNb=12
Dma.SPI1_RX.0.Direction=DMA_PERIPH_TO_MEMORY
Dma.SPI1_RX.0.EventEnable=DISABLE
Dma.SPI1_RX.0.FIFOMode=DMA_FIFOMODE_DISABLE
Dma.SPI1_RX.0.Instance=DMA1_Stream0
Dma.SPI1_RX.0.MemDataAlignment=DMA_MDATAALIGN_BYTE
Dma.SPI1_RX.0.MemInc=DMA_MINC_ENABLE
Dma.SPI1_RX.0.Mode=DMA_NORMAL
Dma.SPI1_RX.0.PeriphDataAlignment=DMA_PDATAALIGN_BYTE
Dma.SPI1_RX.0.PeriphInc=DMA_PINC_DISABLE
Dma.SPI1_RX.0.Polarity=HAL_DMAMUX_REQ_GEN_RISING
Dma.SPI1_RX.0.Priority=DMA_PRIORITY_LOW
Dma.SPI1_RX.0.RequestNumber=1
Dma.SPI1_RX.0.RequestParameters=Instance,Direction,PeriphInc,MemInc,PeriphDataAlignment,MemDataAlignment,Mode,Priority,FIFOMode,SignalID,Polarity,RequestNumber,SyncSignalID,SyncPolarity,SyncEnable,EventEnable,SyncRequestNumber
Dma.SPI1_RX.0.SignalID=NONE
Dma.SPI1_RX.0.SyncEnable=DISABLE
Dma.SPI1_RX.0.SyncPolarity=HAL_DMAMUX_SYNC_NO_EVENT
Dma.SPI1_RX.0.SyncRequestNumber=1
Dma.SPI1_RX.0.SyncSignalID=NONE
Dma.SPI1_TX.1.Direction=DMA_MEMORY_TO_PERIPH
Dma.SPI1_TX.1.EventEnable=DISABLE
Dma.SPI1_TX.1.FIFOMode=DMA_FIFOMODE_DISABLE
Dma.SPI1_TX.1.Instance=DMA1_Stream1
Dma.SPI1_TX.1.MemDataAlignment=DMA_MDATAALIGN_BYTE
Dma.SPI1_TX.1.MemInc=DMA_MINC_ENABLE
Dma.SPI1_TX.1.Mode=DMA_NORMAL
Dma.SPI1_TX.1.PeriphDataAlignment=DMA_PDATAALIGN_BYTE
Dma.SPI1_TX.1.PeriphInc=DMA_PINC_DISABLE
Dma.SPI1_TX.1.Polarity=HAL_DMAMUX_REQ_GEN_RISING
Dma.SPI1_TX.1.Priority=DMA_PRIORITY_LOW
Dma.SPI1_TX.1.RequestNumber=1
Dma.SPI1_TX.1.RequestParameters=Instance,Direction,PeriphInc,MemInc,PeriphDataAlignment,MemDataAlignment,Mode,Priority,FIFOMode,SignalID,Polarity,RequestNumber,SyncSignalID,SyncPolarity,SyncEnable,EventEnable,SyncRequestNumber
Dma.SPI1_TX.1.SignalID=NONE
Dma.SPI1_TX.1.SyncEnable=DISABLE
Dma.SPI1_TX.1.SyncPolarity=HAL_DMAMUX_SYNC_NO_EVENT
Dma.SPI1_TX.1.SyncRequestNumber=1
Dma.SPI1_TX.1.SyncSignalID=NONE
Dma.SPI2_RX.2.Direction=DMA_PERIPH_TO_MEMORY
Dma.SPI2_RX.2.EventEnable=DISABLE
Dma.SPI2_RX.2.FIFOMode=DMA_FIFOMODE_DISABLE
Dma.SPI2_RX.2.Instance=DMA1_Stream2
Dma.SPI2_RX.2.MemDataAlignment=DMA_MDATAALIGN_BYTE
Dma.SPI2_RX.2.MemInc=DMA_MINC_ENABLE
Dma.SPI2_RX.2.Mode=DMA_NORMAL
Dma.SPI2_RX.2.PeriphDataAlignment=DMA_PDATAALIGN_BYTE
Dma.SPI2_RX.2.PeriphInc=DMA_PINC_DISABLE
Dma.SPI2_RX.2.Polarity=HAL_DMAMUX_REQ_GEN_RISING
Dma.SPI2_RX.2.Priority=DMA_PRIORITY_LOW
Dma.SPI2_RX.2.RequestNumber=1
Dma.SPI2_RX.2.RequestParameters=Instance,Direction,PeriphInc,MemInc,PeriphDataAlignment,MemDataAlignment,Mode,Priority,FIFOMode,SignalID,Polarity,RequestNumber,SyncSignalID,SyncPolarity,SyncEnable,EventEnable,SyncRequestNumber
Dma.SPI2_RX.2.SignalID=NONE
Dma.SPI2_RX.2.SyncEnable=DISABLE
Dma.SPI2_RX.2.SyncPolarity=HAL_DMAMUX_SYNC_NO_EVENT
Dma.SPI2_RX.2.SyncRequestNumber=1
Dma.SPI2_RX.2.SyncSignalID=NONE
Dma.SPI2_TX.3.Direction=DMA_MEMORY_TO_PERIPH
Dma.SPI2_TX.3.EventEnable=DISABLE
Dma.SPI2_TX.3.FIFOMode=DMA_FIFOMODE_DISABLE
Dma.SPI2_TX.3.Instance=DMA1_Stream3
Dma.SPI2_TX.3.MemDataAlignment=DMA_MDATAALIGN_BYTE
Dma.SPI2_TX.3.MemInc=DMA_MINC_ENABLE
Dma.SPI2_TX.3.Mode=DMA_NORMAL
Dma.SPI2_TX.3.PeriphDataAlignment=DMA_PDATAALIGN_BYTE
Dma.SPI2_TX.3.PeriphInc=DMA_PINC_DISABLE
Dma.SPI2_TX.3.Polarity=HAL_DMAMUX_REQ_GEN_RISING
Dma.SPI2_TX.3.Priority=DMA_PRIORITY_LOW
Dma.SPI2_TX.3.RequestNumber=1
Dma.SPI2_TX.3.RequestParameters=Instance,Direction,PeriphInc,MemInc,PeriphDataAlignment,MemDataAlignment,Mode,Priority,FIFOMode,SignalID,Polarity,RequestNumber,SyncSignalID,SyncPolarity,SyncEnable,EventEnable,SyncRequestNumber
Dma.SPI2_TX.3.SignalID=NONE
Dma.SPI2_TX.3.SyncEnable=DISABLE
Dma.SPI2_TX.3.SyncPolarity=HAL_DMAMUX_SYNC_NO_EVENT
Dma.SPI2_TX.3.SyncRequestNumber=1
Dma.SPI2_TX.3.SyncSignalID=NONE
Dma.SPI4_RX.4.Direction=DMA_PERIPH_TO_MEMORY
Dma.SPI4_RX.4.EventEnable=DISABLE
Dma.SPI4_RX.4.FIFOMode=DMA_FIFOMODE_DISABLE
Dma.SPI4_RX.4.Instance=DMA1_Stream4
Dma.SPI4_RX.4.MemDataAlignment=DMA_MDATAALIGN_BYTE
Dma.SPI4_RX.4.MemInc=DMA_MINC_ENABLE
Dma.SPI4_RX.4.Mode=DMA_NORMAL
Dma.SPI4_RX.4.PeriphDataAlignment=DMA_PDATAALIGN_BYTE
Dma.SPI4_RX.4.PeriphInc=DMA_PINC_DISABLE
Dma.SPI4_RX.4.Polarity=HAL_DMAMUX_REQ_GEN_RISING
Dma.SPI4_RX.4.Priority=DMA_PRIORITY_LOW
Dma.SPI4_RX.4.RequestNumber=1
Dma.SPI4_RX.4.RequestParameters=Instance,Direction,PeriphInc,MemInc,PeriphDataAlignment,MemDataAlignment,Mode,Priority,FIFOMode,SignalID,Polarity,RequestNumber,SyncSignalID,SyncPolarity,SyncEnable,EventEnable,SyncRequestNumber
Dma.SPI4_RX.4.SignalID=NONE
Dma.SPI4_RX.4.SyncEnable=DISABLE
Dma.SPI4_RX.4.SyncPolarity=HAL_DMAMUX_SYNC_NO_EVENT
Dma.SPI4_RX.4.SyncRequestNumber=1
Dma.SPI4_RX.4.SyncSignalID=NONE
Dma.SPI4_TX.5.Direction=DMA_MEMORY_TO_PERIPH
Dma.SPI4_TX.5.EventEnable=DISABLE
Dma.SPI4_TX.5.FIFOMode=DMA_FIFOMODE_DISABLE
Dma.SPI4_TX.5.Instance=DMA1_Stream5
Dma.SPI4_TX.5.MemDataAlignment=DMA_MDATAALIGN_BYTE
Dma.SPI4_TX.5.MemInc=DMA_MINC_ENABLE
Dma.SPI4_TX.5.Mode=DMA_NORMAL
Dma.SPI4_TX.5.PeriphDataAlignment=DMA_PDATAALIGN_BYTE
Dma.SPI4_TX.5.PeriphInc=DMA_PINC_DISABLE
Dma.SPI4_TX.5.Polarity=HAL_DMAMUX_REQ_GEN_RISING
Dma.SPI4_TX.5.Priority=DMA_PRIORITY_LOW
Dma.SPI4_TX.5.RequestNumber=1
Dma.SPI4_TX.5.RequestParameters=Instance,Direction,PeriphInc,MemInc,PeriphDataAlignment,MemDataAlignment,Mode,Priority,FIFOMode,SignalID,Polarity,RequestNumber,SyncSignalID,SyncPolarity,SyncEnable,EventEnable,SyncRequestNumber
Dma.SPI4_TX.5.SignalID=NONE
Dma.SPI4_TX.5.SyncEnable=DISABLE
Dma.SPI4_TX.5.SyncPolarity=HAL_DMAMUX_SYNC_NO_EVENT
Dma.SPI4_TX.5.SyncRequestNumber=1
Dma.SPI4_TX.5.SyncSignalID=NONE
Dma.SPI5_RX.6.Direction=DMA_PERIPH_TO_MEMORY
Dma.SPI5_RX.6.EventEnable=DISABLE
Dma.SPI5_RX.6.FIFOMode=DMA_FIFOMODE_DISABLE
Dma.SPI5_RX.6.Instance=DMA1_Stream6
Dma.SPI5_RX.6.MemDataAlignment=DMA_MDATAALIGN_BYTE
Dma.SPI5_RX.6.MemInc=DMA_MINC_ENABLE
Dma.SPI5_RX.6.Mode=DMA_NORMAL
Dma.SPI5_RX.6.PeriphDataAlignment=DMA_PDATAALIGN_BYTE
Dma.SPI5_RX.6.PeriphInc=DMA_PINC_DISABLE
Dma.SPI5_RX.6.Polarity=HAL_DMAMUX_REQ_GEN_RISING
Dma.SPI5_RX.6.Priority=DMA_PRIORITY_LOW
Dma.SPI5_RX.6.RequestNumber=1
Dma.SPI5_RX.6.RequestParameters=Instance,Direction,PeriphInc,MemInc,PeriphDataAlignment,MemDataAlignment,Mode,Priority,FIFOMode,SignalID,Polarity,RequestNumber,SyncSignalID,SyncPolarity,SyncEnable,EventEnable,SyncRequestNumber
Dma.SPI5_RX.6.SignalID=NONE
Dma.SPI5_RX.6.SyncEnable=DISABLE
Dma.SPI5_RX.6.SyncPolarity=HAL_DMAMUX_SYNC_NO_EVENT
Dma.SPI5_RX.6.SyncRequestNumber=1
Dma.SPI5_RX.6.SyncSignalID=NONE
Dma.SPI5_TX.7.Direction=DMA_MEMORY_TO_PERIPH
Dma.SPI5_TX.7.EventEnable=DISABLE
Dma.SPI5_TX.7.FIFOMode=DMA_FIFOMODE_DISABLE
Dma.SPI5_TX.7.Instance=DMA1_Stream7
Dma.SPI5_TX.7.MemDataAlignment=DMA_MDATAALIGN_BYTE
Dma.SPI5_TX.7.MemInc=DMA_MINC_ENABLE
Dma.SPI5_TX.7.Mode=DMA_NORMAL
Dma.SPI5_TX.7.PeriphDataAlignment=DMA_PDATAALIGN_BYTE
Dma.SPI5_TX.7.PeriphInc=DMA_PINC_DISABLE
Dma.SPI5_TX.7.Polarity=HAL_DMAMUX_REQ_GEN_RISING
Dma.SPI5_TX.7.Priority=DMA_PRIORITY_LOW
Dma.SPI5_TX.7.RequestNumber=1
Dma.SPI5_TX.7.RequestParameters=Instance,Direction,PeriphInc,MemInc,PeriphDataAlignment,MemDataAlignment,Mode,Priority,FIFOMode,SignalID,Polarity,RequestNumber,SyncSignalID,SyncPolarity,SyncEnable,EventEnable,SyncRequestNumber
Dma.SPI5_TX.7.SignalID=NONE
Dma.SPI5_TX.7.SyncEnable=DISABLE
Dma.SPI5_TX.7.SyncPolarity=HAL_DMAMUX_SYNC_NO_EVENT
Dma.SPI5_TX.7.SyncRequestNumber=1
Dma.SPI5_TX.7.SyncSignalID=NONE
FDCAN1.CalculateBaudRateNominal=1083333
FDCAN1.CalculateTimeBitNominal=923
FDCAN1.CalculateTimeQuantumNominal=184.6153846153846
FDCAN1.IPParameters=CalculateTimeQuantumNominal,CalculateTimeBitNominal,CalculateBaudRateNominal
FDCAN2.CalculateBaudRateNominal=1083333
FDCAN2.CalculateTimeBitNominal=923
FDCAN2.CalculateTimeQuantumNominal=184.6153846153846
FDCAN2.IPParameters=CalculateTimeQuantumNominal,CalculateTimeBitNominal,CalculateBaudRateNominal
File.Version=6
GPIO.groupedBy=
I2C1.IPParameters=Timing
I2C1.Timing=0x20303E5D
I2C2.IPParameters=Timing
I2C2.Timing=0x20303E5D
I2C4.IPParameters=Timing
I2C4.Timing=0x20303E5D
KeepUserPlacement=false
Mcu.CPN=STM32H730ZBT6
Mcu.Family=STM32H7
Mcu.IP0=ADC1
Mcu.IP1=BDMA
Mcu.IP10=NVIC
Mcu.IP11=OCTOSPI1
Mcu.IP12=RCC
Mcu.IP13=RTC
Mcu.IP14=SDMMC1
Mcu.IP15=SPI1
Mcu.IP16=SPI2
Mcu.IP17=SPI4
Mcu.IP18=SPI5
Mcu.IP19=SPI6
Mcu.IP2=CORTEX_M7
Mcu.IP20=SYS
Mcu.IP21=TIM1
Mcu.IP22=UART4
Mcu.IP23=UART7
Mcu.IP24=UART8
Mcu.IP25=USART2
Mcu.IP26=USART3
Mcu.IP27=USART6
Mcu.IP28=USB_OTG_HS
Mcu.IP3=DMA
Mcu.IP4=FDCAN1
Mcu.IP5=FDCAN2
Mcu.IP6=I2C1
Mcu.IP7=I2C2
Mcu.IP8=I2C4
Mcu.IP9=MDMA
Mcu.IPNb=29
Mcu.Name=STM32H730ZBTx
Mcu.Package=LQFP144
Mcu.Pin0=PE2
Mcu.Pin1=PE5
Mcu.Pin10=PH1-OSC_OUT
Mcu.Pin11=PC1
Mcu.Pin12=PC2_C
Mcu.Pin13=PA0
Mcu.Pin14=PA1
Mcu.Pin15=PA2
Mcu.Pin16=PA3
Mcu.Pin17=PA5
Mcu.Pin18=PA6
Mcu.Pin19=PA7
Mcu.Pin2=PE6
Mcu.Pin20=PC4
Mcu.Pin21=PF11
Mcu.Pin22=PF14
Mcu.Pin23=PF15
Mcu.Pin24=PE8
Mcu.Pin25=PE9
Mcu.Pin26=PB10
Mcu.Pin27=PB11
Mcu.Pin28=PB12
Mcu.Pin29=PB13
Mcu.Pin3=PF0
Mcu.Pin30=PC6
Mcu.Pin31=PC7
Mcu.Pin32=PC8
Mcu.Pin33=PC9
Mcu.Pin34=PA9
Mcu.Pin35=PA11
Mcu.Pin36=PA12
Mcu.Pin37=PC10
Mcu.Pin38=PC11
Mcu.Pin39=PC12
Mcu.Pin4=PF1
Mcu.Pin40=PD0
Mcu.Pin41=PD1
Mcu.Pin42=PD2
Mcu.Pin43=PD7
Mcu.Pin44=PG9
Mcu.Pin45=PG11
Mcu.Pin46=PG12
Mcu.Pin47=PB6
Mcu.Pin48=PB7
Mcu.Pin49=PE0
Mcu.Pin5=PF6
Mcu.Pin50=PE1
Mcu.Pin51=VP_OCTOSPI1_VS_octo
Mcu.Pin52=VP_RTC_VS_RTC_Activate
Mcu.Pin53=VP_SYS_VS_Systick
Mcu.Pin6=PF7
Mcu.Pin7=PF8
Mcu.Pin8=PF9
Mcu.Pin9=PH0-OSC_IN
Mcu.PinsNb=54
Mcu.ThirdPartyNb=0
Mcu.UserConstants=
Mcu.UserName=STM32H730ZBTx
Mdma.MDMA_Channel0.OCTOSPI1_FIFO_TH.0.BlockCount=0
Mdma.MDMA_Channel0.OCTOSPI1_FIFO_TH.0.BlockDataLength=0
Mdma.MDMA_Channel0.OCTOSPI1_FIFO_TH.0.BufferTransferLength=1
Mdma.MDMA_Channel0.OCTOSPI1_FIFO_TH.0.CircularMode=MDMA_LINEAR_LIST
Mdma.MDMA_Channel0.OCTOSPI1_FIFO_TH.0.DataAlignment=MDMA_DATAALIGN_PACKENABLE
Mdma.MDMA_Channel0.OCTOSPI1_FIFO_TH.0.DestBlockAddressOffset=0
Mdma.MDMA_Channel0.OCTOSPI1_FIFO_TH.0.DestBurst=MDMA_DEST_BURST_SINGLE
Mdma.MDMA_Channel0.OCTOSPI1_FIFO_TH.0.DestDataSize=MDMA_DEST_DATASIZE_BYTE
Mdma.MDMA_Channel0.OCTOSPI1_FIFO_TH.0.DestinationInc=MDMA_DEST_INC_BYTE
Mdma.MDMA_Channel0.OCTOSPI1_FIFO_TH.0.DstAddress=0
Mdma.MDMA_Channel0.OCTOSPI1_FIFO_TH.0.Endianness=MDMA_LITTLE_ENDIANNESS_PRESERVE
Mdma.MDMA_Channel0.OCTOSPI1_FIFO_TH.0.Instance=MDMA_Channel0
Mdma.MDMA_Channel0.OCTOSPI1_FIFO_TH.0.MaskAddress=0
Mdma.MDMA_Channel0.OCTOSPI1_FIFO_TH.0.MaskData=0
Mdma.MDMA_Channel0.OCTOSPI1_FIFO_TH.0.Priority=MDMA_PRIORITY_LOW
Mdma.MDMA_Channel0.OCTOSPI1_FIFO_TH.0.Rank=First
Mdma.MDMA_Channel0.OCTOSPI1_FIFO_TH.0.RequestParameters=Instance,CircularMode,TransferTriggerMode,Priority,Endianness,SourceInc,DestinationInc,SourceDataSize,DestDataSize,DataAlignment,BufferTransferLength,SourceBurst,DestBurst,SourceBlockAddressOffset,DestBlockAddressOffset,MaskAddress,MaskData,SrcAddress,DstAddress,BlockDataLength,BlockCount,Rank
Mdma.MDMA_Channel0.OCTOSPI1_FIFO_TH.0.SourceBlockAddressOffset=0
Mdma.MDMA_Channel0.OCTOSPI1_FIFO_TH.0.SourceBurst=MDMA_SOURCE_BURST_SINGLE
Mdma.MDMA_Channel0.OCTOSPI1_FIFO_TH.0.SourceDataSize=MDMA_SRC_DATASIZE_BYTE
Mdma.MDMA_Channel0.OCTOSPI1_FIFO_TH.0.SourceInc=MDMA_SRC_INC_BYTE
Mdma.MDMA_Channel0.OCTOSPI1_FIFO_TH.0.SrcAddress=0
Mdma.MDMA_Channel0.OCTOSPI1_FIFO_TH.0.TransferTriggerMode=MDMA_BUFFER_TRANSFER
Mdma.MDMA_Channel0.Request0=OCTOSPI1_FIFO_TH
Mdma.MDMA_Channel0.RequestsNb=1
Mdma.RequestSet0=MDMA_Channel0
Mdma.RequestSetsNb=1
MxCube.Version=6.6.1
MxDb.Version=DB.6.0.60
NVIC.BDMA_Channel0_IRQn=true\:0\:0\:false\:false\:true\:false\:true\:true
NVIC.BDMA_Channel1_IRQn=true\:0\:0\:false\:false\:true\:false\:true\:true
NVIC.BDMA_Channel2_IRQn=true\:0\:0\:false\:false\:true\:false\:true\:true
NVIC.BDMA_Channel3_IRQn=true\:0\:0\:false\:false\:true\:false\:true\:true
NVIC.BusFault_IRQn=true\:0\:0\:false\:false\:true\:false\:false\:false
NVIC.DMA1_Stream0_IRQn=true\:0\:0\:false\:false\:true\:false\:true\:true
NVIC.DMA1_Stream1_IRQn=true\:0\:0\:false\:false\:true\:false\:true\:true
NVIC.DMA1_Stream2_IRQn=true\:0\:0\:false\:false\:true\:false\:true\:true
NVIC.DMA1_Stream3_IRQn=true\:0\:0\:false\:false\:true\:false\:true\:true
NVIC.DMA1_Stream4_IRQn=true\:0\:0\:false\:false\:true\:false\:true\:true
NVIC.DMA1_Stream5_IRQn=true\:0\:0\:false\:false\:true\:false\:true\:true
NVIC.DMA1_Stream6_IRQn=true\:0\:0\:false\:false\:true\:false\:true\:true
NVIC.DMA1_Stream7_IRQn=true\:0\:0\:false\:false\:true\:false\:true\:true
NVIC.DMA2_Stream0_IRQn=true\:0\:0\:false\:false\:true\:false\:true\:true
NVIC.DMA2_Stream1_IRQn=true\:0\:0\:false\:false\:true\:false\:true\:true
NVIC.DMA2_Stream2_IRQn=true\:0\:0\:false\:false\:true\:false\:true\:true
NVIC.DMA2_Stream3_IRQn=true\:0\:0\:false\:false\:true\:false\:true\:true
NVIC.DebugMonitor_IRQn=true\:0\:0\:false\:false\:true\:false\:false\:false
NVIC.ForceEnableDMAVector=true
NVIC.HardFault_IRQn=true\:0\:0\:false\:false\:true\:false\:false\:false
NVIC.MDMA_IRQn=true\:0\:0\:false\:false\:true\:false\:true\:true
NVIC.MemoryManagement_IRQn=true\:0\:0\:false\:false\:true\:false\:false\:false
NVIC.NonMaskableInt_IRQn=true\:0\:0\:false\:false\:true\:false\:false\:false
NVIC.PendSV_IRQn=true\:0\:0\:false\:false\:true\:false\:false\:false
NVIC.PriorityGroup=NVIC_PRIORITYGROUP_4
NVIC.SVCall_IRQn=true\:0\:0\:false\:false\:true\:false\:false\:false
NVIC.SysTick_IRQn=true\:15\:0\:false\:false\:true\:false\:true\:false
NVIC.UsageFault_IRQn=true\:0\:0\:false\:false\:true\:false\:false\:false
PA0.Mode=Asynchronous
PA0.Signal=UART4_TX
PA1.Mode=Asynchronous
PA1.Signal=UART4_RX
PA11.Mode=Device_Only_FS
PA11.Signal=USB_OTG_HS_DM
PA12.Mode=Device_Only_FS
PA12.Signal=USB_OTG_HS_DP
PA2.Mode=Asynchronous
PA2.Signal=USART2_TX
PA3.Mode=Asynchronous
PA3.Signal=USART2_RX
PA5.Mode=Full_Duplex_Master
PA5.Signal=SPI6_SCK
PA6.Signal=ADCx_INP3
PA7.Mode=Full_Duplex_Master
PA7.Signal=SPI6_MOSI
PA9.Mode=Full_Duplex_Master
PA9.Signal=SPI2_SCK
PB10.Mode=Asynchronous
PB10.Signal=USART3_TX
PB11.Mode=Asynchronous
PB11.Signal=USART3_RX
PB12.Mode=FDCAN_Activate
PB12.Signal=FDCAN2_RX
PB13.Mode=FDCAN_Activate
PB13.Signal=FDCAN2_TX
PB6.Mode=I2C
PB6.Signal=I2C1_SCL
PB7.Mode=I2C
PB7.Signal=I2C1_SDA
PC1.Mode=Full_Duplex_Master
PC1.Signal=SPI2_MOSI
PC10.Mode=SD_4_bits_Wide_bus
PC10.Signal=SDMMC1_D2
PC11.Mode=SD_4_bits_Wide_bus
PC11.Signal=SDMMC1_D3
PC12.Mode=SD_4_bits_Wide_bus
PC12.Signal=SDMMC1_CK
PC2_C.Mode=Full_Duplex_Master
PC2_C.Signal=SPI2_MISO
PC4.Signal=ADCx_INP4
PC6.Mode=Asynchronous
PC6.Signal=USART6_TX
PC7.Mode=Asynchronous
PC7.Signal=USART6_RX
PC8.Mode=SD_4_bits_Wide_bus
PC8.Signal=SDMMC1_D0
PC9.Mode=SD_4_bits_Wide_bus
PC9.Signal=SDMMC1_D1
PD0.Mode=FDCAN_Activate
PD0.Signal=FDCAN1_RX
PD1.Mode=FDCAN_Activate
PD1.Signal=FDCAN1_TX
PD2.Mode=SD_4_bits_Wide_bus
PD2.Signal=SDMMC1_CMD
PD7.Mode=Full_Duplex_Master
PD7.Signal=SPI1_MOSI
PE0.Mode=Asynchronous
PE0.Signal=UART8_RX
PE1.Mode=Asynchronous
PE1.Signal=UART8_TX
PE2.Mode=Full_Duplex_Master
PE2.Signal=SPI4_SCK
PE5.Mode=Full_Duplex_Master
PE5.Signal=SPI4_MISO
PE6.Mode=Full_Duplex_Master
PE6.Signal=SPI4_MOSI
PE8.Mode=Asynchronous
PE8.Signal=UART7_TX
PE9.Signal=S_TIM1_CH1
PF0.Mode=I2C
PF0.Signal=I2C2_SDA
PF1.Mode=I2C
PF1.Signal=I2C2_SCL
PF11.Mode=IN2-Single-Ended
PF11.Signal=ADC1_INP2
PF14.Mode=I2C
PF14.Signal=I2C4_SCL
PF15.Mode=I2C
PF15.Signal=I2C4_SDA
PF6.Mode=Asynchronous
PF6.Signal=UART7_RX
PF7.Mode=Full_Duplex_Master
PF7.Signal=SPI5_SCK
PF8.Mode=Full_Duplex_Master
PF8.Signal=SPI5_MISO
PF9.Mode=Full_Duplex_Master
PF9.Signal=SPI5_MOSI
PG11.Mode=Full_Duplex_Master
PG11.Signal=SPI1_SCK
PG12.Mode=Full_Duplex_Master
PG12.Signal=SPI6_MISO
PG9.Mode=Full_Duplex_Master
PG9.Signal=SPI1_MISO
PH0-OSC_IN.Mode=HSE-External-Oscillator
PH0-OSC_IN.Signal=RCC_OSC_IN
PH1-OSC_OUT.Mode=HSE-External-Oscillator
PH1-OSC_OUT.Signal=RCC_OSC_OUT
PinOutPanel.RotationAngle=0
ProjectManager.AskForMigrate=true
ProjectManager.BackupPrevious=false
ProjectManager.CompilerOptimize=6
ProjectManager.ComputerToolchain=false
ProjectManager.CoupleFile=false
ProjectManager.CustomerFirmwarePackage=
ProjectManager.DefaultFWLocation=true
ProjectManager.DeletePrevious=true
ProjectManager.DeviceId=STM32H730ZBTx
ProjectManager.FirmwarePackage=STM32Cube FW_H7 V1.10.0
ProjectManager.FreePins=false
ProjectManager.HalAssertFull=false
ProjectManager.HeapSize=0x200
ProjectManager.KeepUserCode=true
ProjectManager.LastFirmware=true
ProjectManager.LibraryCopy=0
ProjectManager.MainLocation=Core/Src
ProjectManager.NoMain=false
ProjectManager.PreviousToolchain=
ProjectManager.ProjectBuild=false
ProjectManager.ProjectFileName=H730-8MHz.ioc
ProjectManager.ProjectName=H730-8MHz
ProjectManager.RegisterCallBack=
ProjectManager.StackSize=0x400
ProjectManager.TargetToolchain=EWARM V8.50
ProjectManager.ToolChainLocation=
ProjectManager.UnderRoot=false
ProjectManager.functionlistsort=1-SystemClock_Config-RCC-false-HAL-false,2-MX_GPIO_Init-GPIO-false-HAL-true,3-MX_ADC1_Init-ADC1-false-HAL-true,4-MX_FDCAN1_Init-FDCAN1-false-HAL-true,5-MX_FDCAN2_Init-FDCAN2-false-HAL-true,6-MX_I2C1_Init-I2C1-false-HAL-true,7-MX_I2C2_Init-I2C2-false-HAL-true,8-MX_I2C4_Init-I2C4-false-HAL-true,9-MX_RTC_Init-RTC-false-HAL-true,10-MX_SDMMC1_SD_Init-SDMMC1-false-HAL-true,11-MX_SPI1_Init-SPI1-false-HAL-true,12-MX_SPI2_Init-SPI2-false-HAL-true,13-MX_SPI4_Init-SPI4-false-HAL-true,14-MX_SPI5_Init-SPI5-false-HAL-true,15-MX_SPI6_Init-SPI6-false-HAL-true,16-MX_TIM1_Init-TIM1-false-HAL-true,17-MX_UART4_Init-UART4-false-HAL-true,18-MX_UART7_Init-UART7-false-HAL-true,19-MX_UART8_Init-UART8-false-HAL-true,20-MX_USART2_UART_Init-USART2-false-HAL-true,21-MX_USART3_UART_Init-USART3-false-HAL-true,22-MX_DMA_Init-DMA-false-HAL-true,23-MX_BDMA_Init-BDMA-false-HAL-true,24-MX_USB_OTG_HS_PCD_Init-USB_OTG_HS-false-HAL-true,25-MX_MDMA_Init-MDMA-false-HAL-true,26-MX_OCTOSPI1_Init-OCTOSPI1-false-HAL-true,27-MX_USART6_UART_Init-USART6-false-HAL-true,0-MX_CORTEX_M7_Init-CORTEX_M7-false-HAL-true
RCC.ADCCLockSelection=RCC_ADCCLKSOURCE_PLL3
RCC.ADCFreq_Value=48000000
RCC.AHB12Freq_Value=260000000
RCC.AHB4Freq_Value=260000000
RCC.APB1Freq_Value=130000000
RCC.APB2Freq_Value=130000000
RCC.APB3Freq_Value=130000000
RCC.APB4Freq_Value=130000000
RCC.AXIClockFreq_Value=260000000
RCC.CECFreq_Value=32000
RCC.CKPERFreq_Value=64000000
RCC.CortexFreq_Value=520000000
RCC.CpuClockFreq_Value=520000000
RCC.D1CPREFreq_Value=520000000
RCC.D1PPRE=RCC_APB3_DIV2
RCC.D2PPRE1=RCC_APB1_DIV2
RCC.D2PPRE2=RCC_APB2_DIV2
RCC.D3PPRE=RCC_APB4_DIV2
RCC.DFSDMACLkFreq_Value=86666666.66666667
RCC.DFSDMFreq_Value=130000000
RCC.DIVM1=4
RCC.DIVM2=8
RCC.DIVM3=8
RCC.DIVN1=260
RCC.DIVN2=400
RCC.DIVN3=192
RCC.DIVP1=1
RCC.DIVP1Freq_Value=520000000
RCC.DIVP2=3
RCC.DIVP2Freq_Value=133333333.33333333
RCC.DIVP3=1
RCC.DIVP3Freq_Value=192000000
RCC.DIVQ1=6
RCC.DIVQ1Freq_Value=86666666.66666667
RCC.DIVQ2=3
RCC.DIVQ2Freq_Value=133333333.33333333
RCC.DIVQ3Freq_Value=96000000
RCC.DIVR1Freq_Value=260000000
RCC.DIVR2Freq_Value=200000000
RCC.DIVR3=4
RCC.DIVR3Freq_Value=48000000
RCC.FDCANFreq_Value=86666666.66666667
RCC.FMCFreq_Value=260000000
RCC.FamilyName=M
RCC.HCLK3ClockFreq_Value=260000000
RCC.HCLKFreq_Value=260000000
RCC.HPRE=RCC_HCLK_DIV2
RCC.HSE_VALUE=8000000
RCC.I2C123CLockSelection=RCC_I2C1235CLKSOURCE_PLL3
RCC.I2C123Freq_Value=48000000
RCC.I2C4CLockSelection=RCC_I2C4CLKSOURCE_PLL3
RCC.I2C4Freq_Value=48000000
RCC.IPParameters=ADCCLockSelection,ADCFreq_Value,AHB12Freq_Value,AHB4Freq_Value,APB1Freq_Value,APB2Freq_Value,APB3Freq_Value,APB4Freq_Value,AXIClockFreq_Value,CECFreq_Value,CKPERFreq_Value,CortexFreq_Value,CpuClockFreq_Value,D1CPREFreq_Value,D1PPRE,D2PPRE1,D2PPRE2,D3PPRE,DFSDMACLkFreq_Value,DFSDMFreq_Value,DIVM1,DIVM2,DIVM3,DIVN1,DIVN2,DIVN3,DIVP1,DIVP1Freq_Value,DIVP2,DIVP2Freq_Value,DIVP3,DIVP3Freq_Value,DIVQ1,DIVQ1Freq_Value,DIVQ2,DIVQ2Freq_Value,DIVQ3Freq_Value,DIVR1Freq_Value,DIVR2Freq_Value,DIVR3,DIVR3Freq_Value,FDCANFreq_Value,FMCFreq_Value,FamilyName,HCLK3ClockFreq_Value,HCLKFreq_Value,HPRE,HSE_VALUE,I2C123CLockSelection,I2C123Freq_Value,I2C4CLockSelection,I2C4Freq_Value,LPTIM1Freq_Value,LPTIM2Freq_Value,LPTIM345Freq_Value,LPUART1Freq_Value,LTDCFreq_Value,MCO1PinFreq_Value,MCO2PinFreq_Value,PLL1_VCO_SEL-AdvancedSettings,PLL2FRACN,PLL3FRACN,PLLFRACN,PLLSourceVirtual,QSPIFreq_Value,RNGFreq_Value,RTCFreq_Value,SAI1Freq_Value,SAI4AFreq_Value,SAI4BFreq_Value,SDMMCFreq_Value,SPDIFRXFreq_Value,SPI123CLockSelection,SPI123Freq_Value,SPI45Freq_Value,SPI6CLockSelection,SPI6Freq_Value,SWPMI1Freq_Value,SYSCLKFreq_VALUE,SYSCLKSource,Tim1OutputFreq_Value,Tim2OutputFreq_Value,TraceFreq_Value,USART16Freq_Value,USART234578Freq_Value,USBCLockSelection,USBFreq_Value,VCO1OutputFreq_Value,VCO2OutputFreq_Value,VCO3OutputFreq_Value,VCOInput1Freq_Value,VCOInput2Freq_Value,VCOInput3Freq_Value
RCC.LPTIM1Freq_Value=130000000
RCC.LPTIM2Freq_Value=130000000
RCC.LPTIM345Freq_Value=130000000
RCC.LPUART1Freq_Value=130000000
RCC.LTDCFreq_Value=48000000
RCC.MCO1PinFreq_Value=64000000
RCC.MCO2PinFreq_Value=520000000
RCC.PLL1_VCO_SEL-AdvancedSettings=RCC_PLL1VCOWIDE
RCC.PLL2FRACN=0
RCC.PLL3FRACN=0
RCC.PLLFRACN=0
RCC.PLLSourceVirtual=RCC_PLLSOURCE_HSE
RCC.QSPIFreq_Value=260000000
RCC.RNGFreq_Value=48000000
RCC.RTCFreq_Value=32000
RCC.SAI1Freq_Value=86666666.66666667
RCC.SAI4AFreq_Value=86666666.66666667
RCC.SAI4BFreq_Value=86666666.66666667
RCC.SDMMCFreq_Value=86666666.66666667
RCC.SPDIFRXFreq_Value=86666666.66666667
RCC.SPI123CLockSelection=RCC_SPI123CLKSOURCE_PLL3
RCC.SPI123Freq_Value=192000000
RCC.SPI45Freq_Value=130000000
RCC.SPI6CLockSelection=RCC_SPI6CLKSOURCE_PLL3
RCC.SPI6Freq_Value=96000000
RCC.SWPMI1Freq_Value=130000000
RCC.SYSCLKFreq_VALUE=520000000
RCC.SYSCLKSource=RCC_SYSCLKSOURCE_PLLCLK
RCC.Tim1OutputFreq_Value=260000000
RCC.Tim2OutputFreq_Value=260000000
RCC.TraceFreq_Value=64000000
RCC.USART16Freq_Value=130000000
RCC.USART234578Freq_Value=130000000
RCC.USBCLockSelection=RCC_USBCLKSOURCE_HSI48
RCC.USBFreq_Value=48000000
RCC.VCO1OutputFreq_Value=520000000
RCC.VCO2OutputFreq_Value=400000000
RCC.VCO3OutputFreq_Value=192000000
RCC.VCOInput1Freq_Value=2000000
RCC.VCOInput2Freq_Value=1000000
RCC.VCOInput3Freq_Value=1000000
SH.ADCx_INP3.0=ADC1_INP3,IN3-Single-Ended
SH.ADCx_INP3.ConfNb=1
SH.ADCx_INP4.0=ADC1_INP4,IN4-Single-Ended
SH.ADCx_INP4.ConfNb=1
SH.S_TIM1_CH1.0=TIM1_CH1,Input_Capture1_from_TI1
SH.S_TIM1_CH1.ConfNb=1
SPI1.CalculateBaudRate=96.0 MBits/s
SPI1.Direction=SPI_DIRECTION_2LINES
SPI1.IPParameters=VirtualType,Mode,Direction,CalculateBaudRate
SPI1.Mode=SPI_MODE_MASTER
SPI1.VirtualType=VM_MASTER
SPI2.CalculateBaudRate=96.0 MBits/s
SPI2.Direction=SPI_DIRECTION_2LINES
SPI2.IPParameters=VirtualType,Mode,Direction,CalculateBaudRate
SPI2.Mode=SPI_MODE_MASTER
SPI2.VirtualType=VM_MASTER
SPI4.CalculateBaudRate=65.0 MBits/s
SPI4.Direction=SPI_DIRECTION_2LINES
SPI4.IPParameters=VirtualType,Mode,Direction,CalculateBaudRate
SPI4.Mode=SPI_MODE_MASTER
SPI4.VirtualType=VM_MASTER
SPI5.CalculateBaudRate=65.0 MBits/s
SPI5.Direction=SPI_DIRECTION_2LINES
SPI5.IPParameters=VirtualType,Mode,Direction,CalculateBaudRate
SPI5.Mode=SPI_MODE_MASTER
SPI5.VirtualType=VM_MASTER
SPI6.CalculateBaudRate=48.0 MBits/s
SPI6.Direction=SPI_DIRECTION_2LINES
SPI6.IPParameters=VirtualType,Mode,Direction,CalculateBaudRate
SPI6.Mode=SPI_MODE_MASTER
SPI6.VirtualType=VM_MASTER
TIM1.Channel-Input_Capture1_from_TI1=TIM_CHANNEL_1
TIM1.IPParameters=Channel-Input_Capture1_from_TI1
USART2.IPParameters=VirtualMode-Asynchronous
USART2.VirtualMode-Asynchronous=VM_ASYNC
USART3.IPParameters=VirtualMode-Asynchronous
USART3.VirtualMode-Asynchronous=VM_ASYNC
USART6.IPParameters=VirtualMode-Asynchronous
USART6.VirtualMode-Asynchronous=VM_ASYNC
USB_OTG_HS.IPParameters=VirtualMode-Device_Only_FS
USB_OTG_HS.VirtualMode-Device_Only_FS=Device_Only_FS
VP_OCTOSPI1_VS_octo.Mode=octo_mode
VP_OCTOSPI1_VS_octo.Signal=OCTOSPI1_VS_octo
VP_RTC_VS_RTC_Activate.Mode=RTC_Enabled
VP_RTC_VS_RTC_Activate.Signal=RTC_VS_RTC_Activate
VP_SYS_VS_Systick.Mode=SysTick
VP_SYS_VS_Systick.Signal=SYS_VS_Systick
board=custom
