#MicroXplorer Configuration settings - do not modify
RCC.USART1Freq_Value=80000000
USART2.IPParameters=VirtualMode-Asynchronous
RCC.TIM17Freq_Value=72000000
SPI3.Direction=SPI_DIRECTION_2LINES
SPI3.VirtualType=VM_MASTER
SPI1.VirtualType=VM_MASTER
SPI2.VirtualType=VM_MASTER
PB10.Mode=Full_Duplex_Master
PG8.Signal=LPUART1_RX
PG8.Locked=true
RCC.PLLCLKFreq_Value=96000000
PC12.Signal=UART5_TX
PB14.GPIO_Label=LD3 [Red]
RCC.PLLQCLKFreq_Value=96000000
RCC.RTCFreq_Value=32000
PC5.Mode=Asynchronous
USART1.IPParameters=VirtualMode-Asynchronous
PB3\ (JTDO/TRACESWO).GPIOParameters=GPIO_Label
PB13.Signal=CAN2_TX
PG13.Signal=I2C1_SDA
PinOutPanel.RotationAngle=0
RCC.MCO1PinFreq_Value=80000000
RCC.SYSCLKSource=RCC_SYSCLKSOURCE_PLLCLK
SH.GPXTI13.0=GPIO_EXTI13
USART3.VirtualMode-Asynchronous=VM_ASYNC
RCC.LPTIM1Freq_Value=80000000
NVIC.SVCall_IRQn=true\:0\:0\:false\:false\:true\:true\:false
PA14\ (JTCK/SWCLK).Signal=SYS_JTCK-SWCLK
I2C4.Timing=0x10909CEC
SPI1.Direction=SPI_DIRECTION_2LINES
RCC.I2C4Freq_Value=80000000
I2C2.I2C_Speed_Mode=I2C_Standard
RCC.APB2TimFreq_Value=80000000
SPI1.CalculateBaudRate=40.0 MBits/s
PC3.Signal=SPI2_MOSI
PD0.Signal=CAN1_RX
RCC.SAI2Freq_Value=48000000
RCC.USART3Freq_Value=80000000
ProjectManager.ProjectBuild=false
NVIC.UsageFault_IRQn=true\:0\:0\:false\:false\:true\:true\:false
PA8.Locked=true
RCC.DFSDM2Freq_Value=16000000
PG14.Mode=I2C
ProjectManager.FirmwarePackage=STM32Cube FW_L4 V1.16.0
MxDb.Version=DB.6.0.10
PA13\ (JTMS/SWDIO).GPIO_Label=TMS
ProjectManager.BackupPrevious=false
PA0.Mode=Asynchronous
SPI2.CalculateBaudRate=40.0 MBits/s
PA8.Signal=USB_OTG_FS_SOF
PA14\ (JTCK/SWCLK).Mode=Trace_Asynchronous_SW
RCC.PLLRCLKFreq_Value=80000000
NVIC.PendSV_IRQn=true\:0\:0\:false\:false\:true\:true\:false
PA13\ (JTMS/SWDIO).Locked=true
RCC.PLLI2SoutputFreq_Value=48000000
ProjectManager.HalAssertFull=false
PA0.Signal=UART4_TX
RCC.TIM1Freq_Value=72000000
RCC.PLLMCOFreq_Value=72000000
RCC.MCO2PinFreq_Value=16000000
Mcu.Package=LQFP144
RCC.TIM15Freq_Value=72000000
SPI2.Mode=SPI_MODE_MASTER
RCC.I2S2Freq_Value=96000000
SPI3.Mode=SPI_MODE_MASTER
RCC.SAI1AFreq_Value=16000000
PG5.GPIOParameters=GPIO_Label
RCC.ADC34outputFreq_Value=72000000
PA14\ (JTCK/SWCLK).Locked=true
VP_SYS_VS_Systick.Signal=SYS_VS_Systick
RCC.LSCOPinFreq_Value=32000
USART3.IPParameters=VirtualMode-Asynchronous
PA10.Signal=USB_OTG_FS_ID
RCC.DFSDMFreq_Value=80000000
PC11.Mode=Full_Duplex_Master
PB14.GPIOParameters=GPIO_Label
PA14\ (JTCK/SWCLK).GPIO_Label=TCK
RCC.PLLPoutputFreq_Value=80000000
PF14.Signal=I2C4_SCL
RCC.APB1TimFreq_Value=80000000
NVIC.BusFault_IRQn=true\:0\:0\:false\:false\:true\:true\:false
RCC.LPUART1Freq_Value=80000000
USB_OTG_FS.IPParameters=VirtualMode
PB13.Mode=CAN_Activate
RCC.PLLI2SQoutputFreq_Value=96000000
RCC.DFSDMAudioFreq_Value=96000000
RCC.LPTimerFreq_Value=8000000
CAN1.CalculateTimeBit=600.00
PH0-OSC_IN\ (PH0).Mode=HSE-External-Oscillator
ProjectManager.CustomerFirmwarePackage=
PC4.Mode=Asynchronous
RCC.HSI48_VALUE=48000000
CAN1.CalculateTimeQuantum=200.0
PA5.Mode=Full_Duplex_Master
CAN2.CalculateBaudRate=1666666
RCC.PLLQoutputFreq_Value=80000000
ProjectManager.ProjectFileName=L496-24MHz.ioc
RCC.ADC12outputFreq_Value=72000000
Mcu.PinsNb=51
PC13.Locked=true
PG5.Locked=true
PG5.Signal=GPIO_Input
PG9.Signal=USART1_TX
CAN1.IPParameters=CalculateTimeQuantum,CalculateTimeBit,CalculateBaudRate,BS1,BS2
PC13.Signal=GPXTI13
PA9.GPIO_Label=USB_VBUS
RCC.SWPMI1Freq_Value=80000000
CAN1.CalculateBaudRate=1666666
CAN2.IPParameters=CalculateTimeQuantum,CalculateTimeBit,CalculateBaudRate,BS1,BS2
PG9.Mode=Asynchronous
PC2.Signal=SPI2_MISO
PD1.Signal=CAN1_TX
PA11.GPIO_Label=USB_DM
PC0.Signal=I2C3_SCL
PB14.Locked=true
PG10.Signal=USART1_RX
RCC.WatchDogFreq_Value=32000
PA3.Mode=Asynchronous
PF1.Mode=I2C
PA11.Locked=true
PA8.GPIO_Label=USB_SOF [TP1]
Mcu.Pin50=VP_SYS_VS_Systick
PA9.Signal=USB_OTG_FS_VBUS
I2C1.Timing=0x10909CEC
RCC.VCOInputMFreq_Value=500000
Mcu.Pin48=PB3 (JTDO/TRACESWO)
Mcu.Pin49=PB7
RCC.PLLSAI1PoutputFreq_Value=48000000
Mcu.Pin46=PG13
Mcu.Pin47=PG14
PB10.Signal=SPI2_SCK
PB14.Signal=GPIO_Output
RCC.PLLSAI2RoutputFreq_Value=32000000
PA5.Signal=SPI1_SCK
Mcu.Pin40=PD0
Mcu.Pin41=PD1
PC12.Mode=Asynchronous
Mcu.Pin44=PG10
Mcu.Pin45=PG11
Mcu.Pin42=PD2
Mcu.Pin43=PG9
ProjectManager.LastFirmware=true
PD1.Mode=CAN_Activate
PA1.Mode=Asynchronous
Mcu.Pin37=PC10
Mcu.Pin38=PC11
RCC.PRESCALERUSB=RCC_USBCLKSOURCE_PLL_DIV1_5
Mcu.Pin35=PA13 (JTMS/SWDIO)
RCC.I2C1Freq_Value=80000000
Mcu.Pin36=PA14 (JTCK/SWCLK)
RCC.PLLI2SPCLKFreq_Value=48000000
SPI1.Mode=SPI_MODE_MASTER
PG7.GPIO_Label=STLK_RX [STM32F103CBT6_PA3]
Mcu.Pin39=PC12
RCC.RNGFreq_Value=48000000
Mcu.Pin30=PA8
RCC.EthernetFreq_Value=8000000
Mcu.Pin33=PA11
Mcu.Pin34=PA12
Mcu.Pin31=PA9
Mcu.Pin32=PA10
PA9.Locked=true
NVIC.NonMaskableInt_IRQn=true\:0\:0\:false\:false\:true\:true\:false
ProjectManager.FreePins=false
RCC.LPTIM2Freq_Value=80000000
RCC.PLLI2SQCLKFreq_Value=96000000
Mcu.Pin26=PG5
Mcu.Pin27=PG6
RCC.RTCHSEDivFreq_Value=4000000
Mcu.Pin24=PB13
ProjectManager.UnderRoot=false
Mcu.Pin25=PB14
Mcu.Pin28=PG7
Mcu.Pin29=PG8
Mcu.Pin22=PB10
Mcu.Pin23=PB12
Mcu.Pin20=PF14
Mcu.Pin21=PF15
PA10.Locked=true
NVIC.ForceEnableDMAVector=true
NVIC.MemoryManagement_IRQn=true\:0\:0\:false\:false\:true\:true\:false
ProjectManager.CompilerOptimize=6
PG11.Mode=Full_Duplex_Master
PA11.Signal=USB_OTG_FS_DM
ProjectManager.HeapSize=0x200
Mcu.Pin15=PA5
NVIC.HardFault_IRQn=true\:0\:0\:false\:false\:true\:true\:false
Mcu.Pin16=PA6
Mcu.Pin13=PA2
Mcu.Pin14=PA3
Mcu.Pin19=PC5
ProjectManager.ComputerToolchain=false
Mcu.Pin17=PA7
Mcu.Pin18=PC4
RCC.TIM3Freq_Value=72000000
NVIC.PriorityGroup=NVIC_PRIORITYGROUP_4
Mcu.Pin11=PA0
Mcu.Pin12=PA1
PB3\ (JTDO/TRACESWO).Mode=Trace_Asynchronous_SW
Mcu.Pin10=PC3
RCC.PWRFreq_Value=80000000
PA8.Mode=Activate_SOF_FS
PD2.Signal=UART5_RX
RCC.I2C2Freq_Value=80000000
PC1.Signal=I2C3_SDA
PG7.GPIOParameters=GPIO_Label
PA13\ (JTMS/SWDIO).Signal=SYS_JTMS-SWDIO
PC1.Mode=I2C
Mcu.Family=STM32L4
PC3.Mode=Full_Duplex_Master
ProjectManager.MainLocation=Core/Src
PG8.Mode=Asynchronous
RCC.MCOFreq_Value=72000000
I2C2.IPParameters=Timing,I2C_Speed_Mode
PA6.Mode=Full_Duplex_Master
PA14\ (JTCK/SWCLK).GPIOParameters=GPIO_Label
RCC.SAI1Freq_Value=48000000
RCC.CortexFreq_Value=80000000
PG6.Signal=GPIO_Output
ProjectManager.KeepUserCode=true
Mcu.UserName=STM32L496ZGTx
PH0-OSC_IN\ (PH0).Signal=RCC_OSC_IN
CAN2.CalculateTimeBit=600.00
PG6.Locked=true
PC10.Signal=SPI3_SCK
RCC.PLLSAI1RoutputFreq_Value=48000000
RCC.SYSCLKSourceVirtual=RCC_SYSCLKSOURCE_PLLCLK
I2C2.Timing=0x10909CEC
PA12.GPIOParameters=GPIO_Label
ProjectManager.functionlistsort=
PA9.GPIOParameters=GPIO_Label
PA11.GPIOParameters=GPIO_Label
PA11.Mode=Device_Only
RCC.PLLI2SRCLKFreq_Value=96000000
RCC.USART2Freq_Value=80000000
PC13.GPIO_Label=B1
PG5.GPIO_Label=USB_OverCurrent [STMPS2151STR_FAULT]
PG11.Signal=SPI3_MOSI
ProjectManager.StackSize=0x400
RCC.I2C3Freq_Value=80000000
Mcu.IP4=I2C3
Mcu.IP5=I2C4
RCC.FCLKCortexFreq_Value=80000000
I2C1.IPParameters=Timing
Mcu.IP2=I2C1
Mcu.IP3=I2C2
Mcu.IP0=CAN1
PA12.Locked=true
Mcu.IP1=CAN2
PA12.Signal=USB_OTG_FS_DP
Mcu.UserConstants=
RCC.VCOSAI1OutputFreq_Value=96000000
RCC.SDMMCFreq_Value=48000000
SH.GPXTI13.ConfNb=1
Mcu.ThirdPartyNb=0
RCC.SDIOFreq_Value=96000000
RCC.HCLKFreq_Value=80000000
Mcu.IPNb=19
RCC.I2SClocksFreq_Value=48000000
ProjectManager.PreviousToolchain=
RCC.VcooutputI2S=48000000
PG8.GPIOParameters=GPIO_Label
RCC.SAI1BFreq_Value=16000000
RCC.PLLRoutputFreq_Value=96000000
PA8.GPIOParameters=GPIO_Label
Mcu.Pin6=PH1-OSC_OUT (PH1)
Mcu.Pin7=PC0
Mcu.Pin8=PC1
Mcu.Pin9=PC2
RCC.AHBFreq_Value=80000000
SPI2.BaudRatePrescaler=SPI_BAUDRATEPRESCALER_2
RCC.TIM2Freq_Value=72000000
Mcu.Pin0=PC13
Mcu.Pin1=PC14-OSC32_IN (PC14)
Mcu.Pin2=PC15-OSC32_OUT (PC15)
Mcu.Pin3=PF0
Mcu.Pin4=PF1
Mcu.Pin5=PH0-OSC_IN (PH0)
I2C3.IPParameters=Timing
PH1-OSC_OUT\ (PH1).Mode=HSE-External-Oscillator
RCC.HSE_VALUE=24000000
NVIC.DebugMonitor_IRQn=true\:0\:0\:false\:false\:true\:true\:false
Mcu.IP10=SPI2
USART2.VirtualMode-Asynchronous=VM_ASYNC
NVIC.SysTick_IRQn=true\:0\:0\:false\:false\:true\:true\:true
Mcu.IP12=SYS
RCC.PLLMUL=RCC_PLL_MUL9
Mcu.IP11=SPI3
Mcu.IP18=USB_OTG_FS
Mcu.IP17=USART3
Mcu.IP14=UART5
Mcu.IP13=UART4
Mcu.IP16=USART2
Mcu.IP15=USART1
RCC.VCOInputFreq_Value=8000000
File.Version=6
PA10.GPIO_Label=USB_ID
PB7.Signal=GPIO_Output
PG13.Mode=I2C
ProjectManager.ProjectName=L496-24MHz
PF15.Mode=I2C
PB7.GPIO_Label=LD2 [Blue]
PA6.Signal=SPI1_MISO
PB12.Mode=CAN_Activate
CAN2.BS1=CAN_BS1_1TQ
CAN2.BS2=CAN_BS2_1TQ
ProjectManager.ToolChainLocation=
RCC.LSI_VALUE=32000
USB_OTG_FS.VirtualMode=Device_Only
RCC.TIM16Freq_Value=72000000
PC14-OSC32_IN\ (PC14).Locked=true
I2C3.Timing=0x10909CEC
SPI3.IPParameters=VirtualType,Mode,Direction,CalculateBaudRate,BaudRatePrescaler
SPI2.Direction=SPI_DIRECTION_2LINES
PC5.Signal=USART3_RX
PF0.Signal=I2C2_SDA
SPI1.BaudRatePrescaler=SPI_BAUDRATEPRESCALER_2
RCC.PLLSAI1N=12
PA3.Signal=USART2_RX
PB3\ (JTDO/TRACESWO).GPIO_Label=SWO
RCC.MSI_VALUE=4000000
RCC.PLLSourceVirtual=RCC_PLLSOURCE_HSE
PG7.Locked=true
PA7.Mode=Full_Duplex_Master
PG7.Signal=LPUART1_TX
PA13\ (JTMS/SWDIO).Mode=Trace_Asynchronous_SW
ProjectManager.NoMain=false
SPI1.IPParameters=VirtualType,Mode,Direction,CalculateBaudRate,BaudRatePrescaler
PC11.Signal=SPI3_MISO
RCC.FMPI2C1Freq_Value=8000000
RCC.VCOI2SInputFreq_Value=1000000
PC4.Signal=USART3_TX
PC10.Mode=Full_Duplex_Master
PG10.Mode=Asynchronous
ProjectManager.DefaultFWLocation=true
PC2.Mode=Full_Duplex_Master
PC15-OSC32_OUT\ (PC15).Signal=RCC_OSC32_OUT
ProjectManager.DeletePrevious=true
RCC.VCOSAI2OutputFreq_Value=64000000
boardIOC=true
PA13\ (JTMS/SWDIO).GPIOParameters=GPIO_Label
PA12.GPIO_Label=USB_DP
RCC.FamilyName=M
PH1-OSC_OUT\ (PH1).Signal=RCC_OSC_OUT
PC0.Mode=I2C
PG8.GPIO_Label=STLK_TX [STM32F103CBT6_PA2]
USART1.VirtualMode-Asynchronous=VM_ASYNC
PA9.Mode=Activate_VBUS
CAN1.BS2=CAN_BS2_1TQ
PB3\ (JTDO/TRACESWO).Locked=true
PB3\ (JTDO/TRACESWO).Signal=SYS_JTDO-SWO
CAN1.BS1=CAN_BS1_1TQ
ProjectManager.TargetToolchain=EWARM V8.32
PB7.GPIOParameters=GPIO_Label
RCC.I2S1Freq_Value=96000000
SPI2.IPParameters=VirtualType,Mode,Direction,CalculateBaudRate,BaudRatePrescaler
ProjectManager.RegisterCallBack=
PC15-OSC32_OUT\ (PC15).Locked=true
RCC.USBFreq_Value=48000000
PG7.Mode=Asynchronous
PA1.Signal=UART4_RX
RCC.VCOI2SOutputFreq_Value=192000000
PD2.Mode=Asynchronous
PG14.Signal=I2C1_SCL
PH1-OSC_OUT\ (PH1).Locked=true
board=NUCLEO-L496ZG
RCC.VCOOutputFreq_Value=160000000
RCC.VCOOutput2Freq_Value=8000000
RCC.APB2Freq_Value=80000000
RCC.TIM8Freq_Value=72000000
RCC.UART4Freq_Value=80000000
SPI3.CalculateBaudRate=40.0 MBits/s
MxCube.Version=6.1.1
PC13.GPIOParameters=GPIO_Label
PF14.Mode=I2C
RCC.PLLSAI1QoutputFreq_Value=48000000
RCC.ADCFreq_Value=48000000
SPI3.BaudRatePrescaler=SPI_BAUDRATEPRESCALER_2
VP_SYS_VS_Systick.Mode=SysTick
PA10.GPIOParameters=GPIO_Label
CAN2.CalculateTimeQuantum=200.0
PF15.Signal=I2C4_SDA
PF1.Signal=I2C2_SCL
RCC.UART5Freq_Value=80000000
RCC.IPParameters=48MHZClocksFreq_Value,ADC12outputFreq_Value,ADC34outputFreq_Value,ADCFreq_Value,AHBFreq_Value,APB1Freq_Value,APB1TimFreq_Value,APB2Freq_Value,APB2TimFreq_Value,CortexFreq_Value,DFSDM2Freq_Value,DFSDMAudioFreq_Value,DFSDMFreq_Value,EthernetFreq_Value,FCLKCortexFreq_Value,FMPI2C1Freq_Value,FamilyName,HCLKFreq_Value,HSE_VALUE,HSI48_VALUE,HSI_VALUE,I2C1Freq_Value,I2C2Freq_Value,I2C3Freq_Value,I2C4Freq_Value,I2S1Freq_Value,I2S2Freq_Value,I2SClocksFreq_Value,LPTIM1Freq_Value,LPTIM2Freq_Value,LPTimerFreq_Value,LPUART1Freq_Value,LSCOPinFreq_Value,LSI_VALUE,MCO1PinFreq_Value,MCO2PinFreq_Value,MCOFreq_Value,MSI_VALUE,PLLCLKFreq_Value,PLLI2SPCLKFreq_Value,PLLI2SQCLKFreq_Value,PLLI2SQoutputFreq_Value,PLLI2SRCLKFreq_Value,PLLI2SoutputFreq_Value,PLLM,PLLMCOFreq_Value,PLLMUL,PLLN,PLLPoutputFreq_Value,PLLQCLKFreq_Value,PLLQoutputFreq_Value,PLLRCLKFreq_Value,PLLRoutputFreq_Value,PLLSAI1N,PLLSAI1PoutputFreq_Value,PLLSAI1QoutputFreq_Value,PLLSAI1RoutputFreq_Value,PLLSAI2PoutputFreq_Value,PLLSAI2RoutputFreq_Value,PLLSourceVirtual,PRESCALERUSB,PWRFreq_Value,RNGFreq_Value,RTCFreq_Value,RTCHSEDivFreq_Value,SAI1AFreq_Value,SAI1BFreq_Value,SAI1Freq_Value,SAI2Freq_Value,SDIOFreq_Value,SDMMCFreq_Value,SWPMI1Freq_Value,SYSCLKFreq_VALUE,SYSCLKSource,SYSCLKSourceVirtual,TIM15Freq_Value,TIM16Freq_Value,TIM17Freq_Value,TIM1Freq_Value,TIM20Freq_Value,TIM2Freq_Value,TIM3Freq_Value,TIM8Freq_Value,UART4Freq_Value,UART5Freq_Value,USART1Freq_Value,USART2Freq_Value,USART3Freq_Value,USBFreq_Value,VCOI2SInputFreq_Value,VCOI2SOutputFreq_Value,VCOInputFreq_Value,VCOInputMFreq_Value,VCOOutput2Freq_Value,VCOOutputFreq_Value,VCOSAI1OutputFreq_Value,VCOSAI2OutputFreq_Value,VcooutputI2S,WatchDogFreq_Value
ProjectManager.AskForMigrate=true
Mcu.Name=STM32L496Z(E-G)Tx
PD0.Mode=CAN_Activate
PA2.Signal=USART2_TX
Mcu.IP8=RCC
Mcu.IP9=SPI1
Mcu.IP6=LPUART1
Mcu.IP7=NVIC
ProjectManager.CoupleFile=false
RCC.48MHZClocksFreq_Value=24000000
RCC.SYSCLKFreq_VALUE=80000000
PA12.Mode=Device_Only
RCC.PLLSAI2PoutputFreq_Value=32000000
KeepUserPlacement=false
PC14-OSC32_IN\ (PC14).Signal=RCC_OSC32_IN
PF0.Mode=I2C
RCC.TIM20Freq_Value=72000000
RCC.HSI_VALUE=16000000
RCC.PLLM=3
RCC.PLLN=20
PB7.Locked=true
PA2.Mode=Asynchronous
RCC.APB1Freq_Value=80000000
ProjectManager.DeviceId=STM32L496ZGTx
PB12.Signal=CAN2_RX
ProjectManager.LibraryCopy=0
I2C4.IPParameters=Timing
PA7.Signal=SPI1_MOSI
