#MicroXplorer Configuration settings - do not modify
ADC1.Channel-0\#ChannelRegularConversion=ADC_CHANNEL_3
ADC1.IPParameters=Rank-0\#ChannelRegularConversion,Channel-0\#ChannelRegularConversion,SamplingTime-0\#ChannelRegularConversion,OffsetNumber-0\#ChannelRegularConversion,NbrOfConversionFlag,master
ADC1.NbrOfConversionFlag=1
ADC1.OffsetNumber-0\#ChannelRegularConversion=ADC_OFFSET_NONE
ADC1.Rank-0\#ChannelRegularConversion=1
ADC1.SamplingTime-0\#ChannelRegularConversion=ADC_SAMPLETIME_1CYCLE_5
ADC1.master=1
Bdma.Request0=SPI6_RX
Bdma.Request1=SPI6_TX
Bdma.RequestsNb=2
Bdma.SPI6_RX.0.Direction=DMA_PERIPH_TO_MEMORY
Bdma.SPI6_RX.0.EventEnable=DISABLE
Bdma.SPI6_RX.0.Instance=BDMA_Channel0
Bdma.SPI6_RX.0.MemDataAlignment=DMA_MDATAALIGN_BYTE
Bdma.SPI6_RX.0.MemInc=DMA_MINC_ENABLE
Bdma.SPI6_RX.0.Mode=DMA_NORMAL
Bdma.SPI6_RX.0.PeriphDataAlignment=DMA_PDATAALIGN_BYTE
Bdma.SPI6_RX.0.PeriphInc=DMA_PINC_DISABLE
Bdma.SPI6_RX.0.Polarity=HAL_DMAMUX_REQ_GEN_RISING
Bdma.SPI6_RX.0.Priority=DMA_PRIORITY_LOW
Bdma.SPI6_RX.0.RequestNumber=1
Bdma.SPI6_RX.0.RequestParameters=Instance,Direction,PeriphInc,MemInc,PeriphDataAlignment,MemDataAlignment,Mode,Priority,SignalID,Polarity,RequestNumber,SyncSignalID,SyncPolarity,SyncEnable,EventEnable,SyncRequestNumber
Bdma.SPI6_RX.0.SignalID=HAL_DMAMUX2_REQ_GEN_I2C4_WKUP
Bdma.SPI6_RX.0.SyncEnable=DISABLE
Bdma.SPI6_RX.0.SyncPolarity=HAL_DMAMUX_SYNC_NO_EVENT
Bdma.SPI6_RX.0.SyncRequestNumber=1
Bdma.SPI6_RX.0.SyncSignalID=HAL_DMAMUX2_SYNC_I2C4_WKUP
Bdma.SPI6_TX.1.Direction=DMA_MEMORY_TO_PERIPH
Bdma.SPI6_TX.1.EventEnable=DISABLE
Bdma.SPI6_TX.1.Instance=BDMA_Channel1
Bdma.SPI6_TX.1.MemDataAlignment=DMA_MDATAALIGN_BYTE
Bdma.SPI6_TX.1.MemInc=DMA_MINC_ENABLE
Bdma.SPI6_TX.1.Mode=DMA_NORMAL
Bdma.SPI6_TX.1.PeriphDataAlignment=DMA_PDATAALIGN_BYTE
Bdma.SPI6_TX.1.PeriphInc=DMA_PINC_DISABLE
Bdma.SPI6_TX.1.Polarity=HAL_DMAMUX_REQ_GEN_RISING
Bdma.SPI6_TX.1.Priority=DMA_PRIORITY_LOW
Bdma.SPI6_TX.1.RequestNumber=1
Bdma.SPI6_TX.1.RequestParameters=Instance,Direction,PeriphInc,MemInc,PeriphDataAlignment,MemDataAlignment,Mode,Priority,SignalID,Polarity,RequestNumber,SyncSignalID,SyncPolarity,SyncEnable,EventEnable,SyncRequestNumber
Bdma.SPI6_TX.1.SignalID=HAL_DMAMUX2_REQ_GEN_I2C4_WKUP
Bdma.SPI6_TX.1.SyncEnable=DISABLE
Bdma.SPI6_TX.1.SyncPolarity=HAL_DMAMUX_SYNC_NO_EVENT
Bdma.SPI6_TX.1.SyncRequestNumber=1
Bdma.SPI6_TX.1.SyncSignalID=HAL_DMAMUX2_SYNC_I2C4_WKUP
CORTEX_M7.CPU_DCache=Enabled
CORTEX_M7.CPU_ICache=Enabled
CORTEX_M7.IPParameters=CPU_ICache,CPU_DCache
Dma.I2C1_RX.6.Direction=DMA_PERIPH_TO_MEMORY
Dma.I2C1_RX.6.EventEnable=DISABLE
Dma.I2C1_RX.6.FIFOMode=DMA_FIFOMODE_DISABLE
Dma.I2C1_RX.6.Instance=DMA1_Stream6
Dma.I2C1_RX.6.MemDataAlignment=DMA_MDATAALIGN_BYTE
Dma.I2C1_RX.6.MemInc=DMA_MINC_ENABLE
Dma.I2C1_RX.6.Mode=DMA_NORMAL
Dma.I2C1_RX.6.PeriphDataAlignment=DMA_PDATAALIGN_BYTE
Dma.I2C1_RX.6.PeriphInc=DMA_PINC_DISABLE
Dma.I2C1_RX.6.Polarity=HAL_DMAMUX_REQ_GEN_RISING
Dma.I2C1_RX.6.Priority=DMA_PRIORITY_LOW
Dma.I2C1_RX.6.RequestNumber=1
Dma.I2C1_RX.6.RequestParameters=Instance,Direction,PeriphInc,MemInc,PeriphDataAlignment,MemDataAlignment,Mode,Priority,FIFOMode,SignalID,Polarity,RequestNumber,SyncSignalID,SyncPolarity,SyncEnable,EventEnable,SyncRequestNumber
Dma.I2C1_RX.6.SignalID=NONE
Dma.I2C1_RX.6.SyncEnable=DISABLE
Dma.I2C1_RX.6.SyncPolarity=HAL_DMAMUX_SYNC_NO_EVENT
Dma.I2C1_RX.6.SyncRequestNumber=1
Dma.I2C1_RX.6.SyncSignalID=NONE
Dma.I2C1_TX.7.Direction=DMA_MEMORY_TO_PERIPH
Dma.I2C1_TX.7.EventEnable=DISABLE
Dma.I2C1_TX.7.FIFOMode=DMA_FIFOMODE_DISABLE
Dma.I2C1_TX.7.Instance=DMA1_Stream7
Dma.I2C1_TX.7.MemDataAlignment=DMA_MDATAALIGN_BYTE
Dma.I2C1_TX.7.MemInc=DMA_MINC_ENABLE
Dma.I2C1_TX.7.Mode=DMA_NORMAL
Dma.I2C1_TX.7.PeriphDataAlignment=DMA_PDATAALIGN_BYTE
Dma.I2C1_TX.7.PeriphInc=DMA_PINC_DISABLE
Dma.I2C1_TX.7.Polarity=HAL_DMAMUX_REQ_GEN_RISING
Dma.I2C1_TX.7.Priority=DMA_PRIORITY_LOW
Dma.I2C1_TX.7.RequestNumber=1
Dma.I2C1_TX.7.RequestParameters=Instance,Direction,PeriphInc,MemInc,PeriphDataAlignment,MemDataAlignment,Mode,Priority,FIFOMode,SignalID,Polarity,RequestNumber,SyncSignalID,SyncPolarity,SyncEnable,EventEnable,SyncRequestNumber
Dma.I2C1_TX.7.SignalID=NONE
Dma.I2C1_TX.7.SyncEnable=DISABLE
Dma.I2C1_TX.7.SyncPolarity=HAL_DMAMUX_SYNC_NO_EVENT
Dma.I2C1_TX.7.SyncRequestNumber=1
Dma.I2C1_TX.7.SyncSignalID=NONE
Dma.I2C2_RX.8.Direction=DMA_PERIPH_TO_MEMORY
Dma.I2C2_RX.8.EventEnable=DISABLE
Dma.I2C2_RX.8.FIFOMode=DMA_FIFOMODE_DISABLE
Dma.I2C2_RX.8.Instance=DMA2_Stream0
Dma.I2C2_RX.8.MemDataAlignment=DMA_MDATAALIGN_BYTE
Dma.I2C2_RX.8.MemInc=DMA_MINC_ENABLE
Dma.I2C2_RX.8.Mode=DMA_NORMAL
Dma.I2C2_RX.8.PeriphDataAlignment=DMA_PDATAALIGN_BYTE
Dma.I2C2_RX.8.PeriphInc=DMA_PINC_DISABLE
Dma.I2C2_RX.8.Polarity=HAL_DMAMUX_REQ_GEN_RISING
Dma.I2C2_RX.8.Priority=DMA_PRIORITY_LOW
Dma.I2C2_RX.8.RequestNumber=1
Dma.I2C2_RX.8.RequestParameters=Instance,Direction,PeriphInc,MemInc,PeriphDataAlignment,MemDataAlignment,Mode,Priority,FIFOMode,SignalID,Polarity,RequestNumber,SyncSignalID,SyncPolarity,SyncEnable,EventEnable,SyncRequestNumber
Dma.I2C2_RX.8.SignalID=NONE
Dma.I2C2_RX.8.SyncEnable=DISABLE
Dma.I2C2_RX.8.SyncPolarity=HAL_DMAMUX_SYNC_NO_EVENT
Dma.I2C2_RX.8.SyncRequestNumber=1
Dma.I2C2_RX.8.SyncSignalID=NONE
Dma.I2C2_TX.9.Direction=DMA_MEMORY_TO_PERIPH
Dma.I2C2_TX.9.EventEnable=DISABLE
Dma.I2C2_TX.9.FIFOMode=DMA_FIFOMODE_DISABLE
Dma.I2C2_TX.9.Instance=DMA2_Stream1
Dma.I2C2_TX.9.MemDataAlignment=DMA_MDATAALIGN_BYTE
Dma.I2C2_TX.9.MemInc=DMA_MINC_ENABLE
Dma.I2C2_TX.9.Mode=DMA_NORMAL
Dma.I2C2_TX.9.PeriphDataAlignment=DMA_PDATAALIGN_BYTE
Dma.I2C2_TX.9.PeriphInc=DMA_PINC_DISABLE
Dma.I2C2_TX.9.Polarity=HAL_DMAMUX_REQ_GEN_RISING
Dma.I2C2_TX.9.Priority=DMA_PRIORITY_LOW
Dma.I2C2_TX.9.RequestNumber=1
Dma.I2C2_TX.9.RequestParameters=Instance,Direction,PeriphInc,MemInc,PeriphDataAlignment,MemDataAlignment,Mode,Priority,FIFOMode,SignalID,Polarity,RequestNumber,SyncSignalID,SyncPolarity,SyncEnable,EventEnable,SyncRequestNumber
Dma.I2C2_TX.9.SignalID=NONE
Dma.I2C2_TX.9.SyncEnable=DISABLE
Dma.I2C2_TX.9.SyncPolarity=HAL_DMAMUX_SYNC_NO_EVENT
Dma.I2C2_TX.9.SyncRequestNumber=1
Dma.I2C2_TX.9.SyncSignalID=NONE
Dma.Request0=SPI1_RX
Dma.Request1=SPI1_TX
Dma.Request2=SPI2_RX
Dma.Request3=SPI2_TX
Dma.Request4=SPI4_RX
Dma.Request5=SPI4_TX
Dma.Request6=I2C1_RX
Dma.Request7=I2C1_TX
Dma.Request8=I2C2_RX
Dma.Request9=I2C2_TX
Dma.RequestsNb=10
Dma.SPI1_RX.0.Direction=DMA_PERIPH_TO_MEMORY
Dma.SPI1_RX.0.EventEnable=DISABLE
Dma.SPI1_RX.0.FIFOMode=DMA_FIFOMODE_DISABLE
Dma.SPI1_RX.0.Instance=DMA1_Stream0
Dma.SPI1_RX.0.MemDataAlignment=DMA_MDATAALIGN_BYTE
Dma.SPI1_RX.0.MemInc=DMA_MINC_ENABLE
Dma.SPI1_RX.0.Mode=DMA_NORMAL
Dma.SPI1_RX.0.PeriphDataAlignment=DMA_PDATAALIGN_BYTE
Dma.SPI1_RX.0.PeriphInc=DMA_PINC_DISABLE
Dma.SPI1_RX.0.Polarity=HAL_DMAMUX_REQ_GEN_RISING
Dma.SPI1_RX.0.Priority=DMA_PRIORITY_LOW
Dma.SPI1_RX.0.RequestNumber=1
Dma.SPI1_RX.0.RequestParameters=Instance,Direction,PeriphInc,MemInc,PeriphDataAlignment,MemDataAlignment,Mode,Priority,FIFOMode,SignalID,Polarity,RequestNumber,SyncSignalID,SyncPolarity,SyncEnable,EventEnable,SyncRequestNumber
Dma.SPI1_RX.0.SignalID=NONE
Dma.SPI1_RX.0.SyncEnable=DISABLE
Dma.SPI1_RX.0.SyncPolarity=HAL_DMAMUX_SYNC_NO_EVENT
Dma.SPI1_RX.0.SyncRequestNumber=1
Dma.SPI1_RX.0.SyncSignalID=NONE
Dma.SPI1_TX.1.Direction=DMA_MEMORY_TO_PERIPH
Dma.SPI1_TX.1.EventEnable=DISABLE
Dma.SPI1_TX.1.FIFOMode=DMA_FIFOMODE_DISABLE
Dma.SPI1_TX.1.Instance=DMA1_Stream1
Dma.SPI1_TX.1.MemDataAlignment=DMA_MDATAALIGN_BYTE
Dma.SPI1_TX.1.MemInc=DMA_MINC_ENABLE
Dma.SPI1_TX.1.Mode=DMA_NORMAL
Dma.SPI1_TX.1.PeriphDataAlignment=DMA_PDATAALIGN_BYTE
Dma.SPI1_TX.1.PeriphInc=DMA_PINC_DISABLE
Dma.SPI1_TX.1.Polarity=HAL_DMAMUX_REQ_GEN_RISING
Dma.SPI1_TX.1.Priority=DMA_PRIORITY_LOW
Dma.SPI1_TX.1.RequestNumber=1
Dma.SPI1_TX.1.RequestParameters=Instance,Direction,PeriphInc,MemInc,PeriphDataAlignment,MemDataAlignment,Mode,Priority,FIFOMode,SignalID,Polarity,RequestNumber,SyncSignalID,SyncPolarity,SyncEnable,EventEnable,SyncRequestNumber
Dma.SPI1_TX.1.SignalID=NONE
Dma.SPI1_TX.1.SyncEnable=DISABLE
Dma.SPI1_TX.1.SyncPolarity=HAL_DMAMUX_SYNC_NO_EVENT
Dma.SPI1_TX.1.SyncRequestNumber=1
Dma.SPI1_TX.1.SyncSignalID=NONE
Dma.SPI2_RX.2.Direction=DMA_PERIPH_TO_MEMORY
Dma.SPI2_RX.2.EventEnable=DISABLE
Dma.SPI2_RX.2.FIFOMode=DMA_FIFOMODE_DISABLE
Dma.SPI2_RX.2.Instance=DMA1_Stream2
Dma.SPI2_RX.2.MemDataAlignment=DMA_MDATAALIGN_BYTE
Dma.SPI2_RX.2.MemInc=DMA_MINC_ENABLE
Dma.SPI2_RX.2.Mode=DMA_NORMAL
Dma.SPI2_RX.2.PeriphDataAlignment=DMA_PDATAALIGN_BYTE
Dma.SPI2_RX.2.PeriphInc=DMA_PINC_DISABLE
Dma.SPI2_RX.2.Polarity=HAL_DMAMUX_REQ_GEN_RISING
Dma.SPI2_RX.2.Priority=DMA_PRIORITY_LOW
Dma.SPI2_RX.2.RequestNumber=1
Dma.SPI2_RX.2.RequestParameters=Instance,Direction,PeriphInc,MemInc,PeriphDataAlignment,MemDataAlignment,Mode,Priority,FIFOMode,SignalID,Polarity,RequestNumber,SyncSignalID,SyncPolarity,SyncEnable,EventEnable,SyncRequestNumber
Dma.SPI2_RX.2.SignalID=NONE
Dma.SPI2_RX.2.SyncEnable=DISABLE
Dma.SPI2_RX.2.SyncPolarity=HAL_DMAMUX_SYNC_NO_EVENT
Dma.SPI2_RX.2.SyncRequestNumber=1
Dma.SPI2_RX.2.SyncSignalID=NONE
Dma.SPI2_TX.3.Direction=DMA_MEMORY_TO_PERIPH
Dma.SPI2_TX.3.EventEnable=DISABLE
Dma.SPI2_TX.3.FIFOMode=DMA_FIFOMODE_DISABLE
Dma.SPI2_TX.3.Instance=DMA1_Stream3
Dma.SPI2_TX.3.MemDataAlignment=DMA_MDATAALIGN_BYTE
Dma.SPI2_TX.3.MemInc=DMA_MINC_ENABLE
Dma.SPI2_TX.3.Mode=DMA_NORMAL
Dma.SPI2_TX.3.PeriphDataAlignment=DMA_PDATAALIGN_BYTE
Dma.SPI2_TX.3.PeriphInc=DMA_PINC_DISABLE
Dma.SPI2_TX.3.Polarity=HAL_DMAMUX_REQ_GEN_RISING
Dma.SPI2_TX.3.Priority=DMA_PRIORITY_LOW
Dma.SPI2_TX.3.RequestNumber=1
Dma.SPI2_TX.3.RequestParameters=Instance,Direction,PeriphInc,MemInc,PeriphDataAlignment,MemDataAlignment,Mode,Priority,FIFOMode,SignalID,Polarity,RequestNumber,SyncSignalID,SyncPolarity,SyncEnable,EventEnable,SyncRequestNumber
Dma.SPI2_TX.3.SignalID=NONE
Dma.SPI2_TX.3.SyncEnable=DISABLE
Dma.SPI2_TX.3.SyncPolarity=HAL_DMAMUX_SYNC_NO_EVENT
Dma.SPI2_TX.3.SyncRequestNumber=1
Dma.SPI2_TX.3.SyncSignalID=NONE
Dma.SPI4_RX.4.Direction=DMA_PERIPH_TO_MEMORY
Dma.SPI4_RX.4.EventEnable=DISABLE
Dma.SPI4_RX.4.FIFOMode=DMA_FIFOMODE_DISABLE
Dma.SPI4_RX.4.Instance=DMA1_Stream4
Dma.SPI4_RX.4.MemDataAlignment=DMA_MDATAALIGN_BYTE
Dma.SPI4_RX.4.MemInc=DMA_MINC_ENABLE
Dma.SPI4_RX.4.Mode=DMA_NORMAL
Dma.SPI4_RX.4.PeriphDataAlignment=DMA_PDATAALIGN_BYTE
Dma.SPI4_RX.4.PeriphInc=DMA_PINC_DISABLE
Dma.SPI4_RX.4.Polarity=HAL_DMAMUX_REQ_GEN_RISING
Dma.SPI4_RX.4.Priority=DMA_PRIORITY_LOW
Dma.SPI4_RX.4.RequestNumber=1
Dma.SPI4_RX.4.RequestParameters=Instance,Direction,PeriphInc,MemInc,PeriphDataAlignment,MemDataAlignment,Mode,Priority,FIFOMode,SignalID,Polarity,RequestNumber,SyncSignalID,SyncPolarity,SyncEnable,EventEnable,SyncRequestNumber
Dma.SPI4_RX.4.SignalID=NONE
Dma.SPI4_RX.4.SyncEnable=DISABLE
Dma.SPI4_RX.4.SyncPolarity=HAL_DMAMUX_SYNC_NO_EVENT
Dma.SPI4_RX.4.SyncRequestNumber=1
Dma.SPI4_RX.4.SyncSignalID=NONE
Dma.SPI4_TX.5.Direction=DMA_MEMORY_TO_PERIPH
Dma.SPI4_TX.5.EventEnable=DISABLE
Dma.SPI4_TX.5.FIFOMode=DMA_FIFOMODE_DISABLE
Dma.SPI4_TX.5.Instance=DMA1_Stream5
Dma.SPI4_TX.5.MemDataAlignment=DMA_MDATAALIGN_BYTE
Dma.SPI4_TX.5.MemInc=DMA_MINC_ENABLE
Dma.SPI4_TX.5.Mode=DMA_NORMAL
Dma.SPI4_TX.5.PeriphDataAlignment=DMA_PDATAALIGN_BYTE
Dma.SPI4_TX.5.PeriphInc=DMA_PINC_DISABLE
Dma.SPI4_TX.5.Polarity=HAL_DMAMUX_REQ_GEN_RISING
Dma.SPI4_TX.5.Priority=DMA_PRIORITY_LOW
Dma.SPI4_TX.5.RequestNumber=1
Dma.SPI4_TX.5.RequestParameters=Instance,Direction,PeriphInc,MemInc,PeriphDataAlignment,MemDataAlignment,Mode,Priority,FIFOMode,SignalID,Polarity,RequestNumber,SyncSignalID,SyncPolarity,SyncEnable,EventEnable,SyncRequestNumber
Dma.SPI4_TX.5.SignalID=NONE
Dma.SPI4_TX.5.SyncEnable=DISABLE
Dma.SPI4_TX.5.SyncPolarity=HAL_DMAMUX_SYNC_NO_EVENT
Dma.SPI4_TX.5.SyncRequestNumber=1
Dma.SPI4_TX.5.SyncSignalID=NONE
FDCAN1.CalculateBaudRateNominal=1000000
FDCAN1.CalculateTimeQuantumNominal=200.0
FDCAN1.IPParameters=CalculateTimeQuantumNominal,CalculateBaudRateNominal
FDCAN2.CalculateBaudRateNominal=1000000
FDCAN2.CalculateTimeQuantumNominal=200.0
FDCAN2.IPParameters=CalculateTimeQuantumNominal,CalculateBaudRateNominal
File.Version=6
I2C1.IPParameters=Timing
I2C1.Timing=0x007074AF
I2C2.IPParameters=Timing
I2C2.Timing=0x007074AF
I2C4.IPParameters=Timing
I2C4.Timing=0x007074AF
KeepUserPlacement=false
Mcu.CPN=STM32H743ZIT6
Mcu.Family=STM32H7
Mcu.IP0=ADC1
Mcu.IP1=BDMA
Mcu.IP10=QUADSPI
Mcu.IP11=RCC
Mcu.IP12=RTC
Mcu.IP13=SDMMC1
Mcu.IP14=SPI1
Mcu.IP15=SPI2
Mcu.IP16=SPI4
Mcu.IP17=SPI5
Mcu.IP18=SPI6
Mcu.IP19=SYS
Mcu.IP2=CORTEX_M7
Mcu.IP20=TIM1
Mcu.IP21=UART4
Mcu.IP22=UART7
Mcu.IP23=UART8
Mcu.IP24=USART2
Mcu.IP25=USART3
Mcu.IP26=USART6
Mcu.IP27=USB_OTG_FS
Mcu.IP3=DMA
Mcu.IP4=FDCAN1
Mcu.IP5=FDCAN2
Mcu.IP6=I2C1
Mcu.IP7=I2C2
Mcu.IP8=I2C4
Mcu.IP9=NVIC
Mcu.IPNb=28
Mcu.Name=STM32H743ZITx
Mcu.Package=LQFP144
Mcu.Pin0=PE2
Mcu.Pin1=PE5
Mcu.Pin10=PH0-OSC_IN (PH0)
Mcu.Pin11=PH1-OSC_OUT (PH1)
Mcu.Pin12=PC1
Mcu.Pin13=PC2_C
Mcu.Pin14=PA0
Mcu.Pin15=PA1
Mcu.Pin16=PA2
Mcu.Pin17=PA3
Mcu.Pin18=PA5
Mcu.Pin19=PA6
Mcu.Pin2=PE6
Mcu.Pin20=PA7
Mcu.Pin21=PC4
Mcu.Pin22=PF11
Mcu.Pin23=PF14
Mcu.Pin24=PF15
Mcu.Pin25=PE7
Mcu.Pin26=PE8
Mcu.Pin27=PE9
Mcu.Pin28=PE12
Mcu.Pin29=PB10
Mcu.Pin3=PF0
Mcu.Pin30=PB11
Mcu.Pin31=PB12
Mcu.Pin32=PB13
Mcu.Pin33=PD8
Mcu.Pin34=PD11
Mcu.Pin35=PD12
Mcu.Pin36=PC6
Mcu.Pin37=PC7
Mcu.Pin38=PC8
Mcu.Pin39=PC9
Mcu.Pin4=PF1
Mcu.Pin40=PA9
Mcu.Pin41=PA11
Mcu.Pin42=PA12
Mcu.Pin43=PC10
Mcu.Pin44=PC11
Mcu.Pin45=PC12
Mcu.Pin46=PD0
Mcu.Pin47=PD1
Mcu.Pin48=PD2
Mcu.Pin49=PD7
Mcu.Pin5=PF6
Mcu.Pin50=PG9
Mcu.Pin51=PG11
Mcu.Pin52=PG12
Mcu.Pin53=PB6
Mcu.Pin54=PB7
Mcu.Pin55=PE0
Mcu.Pin56=PE1
Mcu.Pin57=VP_RTC_VS_RTC_Activate
Mcu.Pin58=VP_SYS_VS_Systick
Mcu.Pin6=PF7
Mcu.Pin7=PF8
Mcu.Pin8=PF9
Mcu.Pin9=PF10
Mcu.PinsNb=59
Mcu.ThirdPartyNb=0
Mcu.UserConstants=
Mcu.UserName=STM32H743ZITx
MxCube.Version=6.6.1
MxDb.Version=DB.6.0.60
NVIC.BDMA_Channel0_IRQn=true\:0\:0\:false\:false\:true\:false\:true\:true
NVIC.BDMA_Channel1_IRQn=true\:0\:0\:false\:false\:true\:false\:true\:true
NVIC.BusFault_IRQn=true\:0\:0\:false\:false\:true\:false\:false\:false
NVIC.DMA1_Stream0_IRQn=true\:0\:0\:false\:false\:true\:false\:true\:true
NVIC.DMA1_Stream1_IRQn=true\:0\:0\:false\:false\:true\:false\:true\:true
NVIC.DMA1_Stream2_IRQn=true\:0\:0\:false\:false\:true\:false\:true\:true
NVIC.DMA1_Stream3_IRQn=true\:0\:0\:false\:false\:true\:false\:true\:true
NVIC.DMA1_Stream4_IRQn=true\:0\:0\:false\:false\:true\:false\:true\:true
NVIC.DMA1_Stream5_IRQn=true\:0\:0\:false\:false\:true\:false\:true\:true
NVIC.DMA1_Stream6_IRQn=true\:0\:0\:false\:false\:true\:false\:true\:true
NVIC.DMA1_Stream7_IRQn=true\:0\:0\:false\:false\:true\:false\:true\:true
NVIC.DMA2_Stream0_IRQn=true\:0\:0\:false\:false\:true\:false\:true\:true
NVIC.DMA2_Stream1_IRQn=true\:0\:0\:false\:false\:true\:false\:true\:true
NVIC.DebugMonitor_IRQn=true\:0\:0\:false\:false\:true\:false\:false\:false
NVIC.ForceEnableDMAVector=true
NVIC.HardFault_IRQn=true\:0\:0\:false\:false\:true\:false\:false\:false
NVIC.MemoryManagement_IRQn=true\:0\:0\:false\:false\:true\:false\:false\:false
NVIC.NonMaskableInt_IRQn=true\:0\:0\:false\:false\:true\:false\:false\:false
NVIC.PendSV_IRQn=true\:0\:0\:false\:false\:true\:false\:false\:false
NVIC.PriorityGroup=NVIC_PRIORITYGROUP_4
NVIC.SPI1_IRQn=true\:0\:0\:false\:false\:true\:false\:true\:true
NVIC.SPI2_IRQn=true\:0\:0\:false\:false\:true\:false\:true\:true
NVIC.SPI4_IRQn=true\:0\:0\:false\:false\:true\:false\:true\:true
NVIC.SPI6_IRQn=true\:0\:0\:false\:false\:true\:false\:true\:true
NVIC.SVCall_IRQn=true\:0\:0\:false\:false\:true\:false\:false\:false
NVIC.SysTick_IRQn=true\:0\:0\:false\:false\:true\:false\:true\:false
NVIC.UsageFault_IRQn=true\:0\:0\:false\:false\:true\:false\:false\:false
PA0.Mode=Asynchronous
PA0.Signal=UART4_TX
PA1.Mode=Asynchronous
PA1.Signal=UART4_RX
PA11.Mode=Device_Only
PA11.Signal=USB_OTG_FS_DM
PA12.Mode=Device_Only
PA12.Signal=USB_OTG_FS_DP
PA2.Mode=Asynchronous
PA2.Signal=USART2_TX
PA3.Mode=Asynchronous
PA3.Signal=USART2_RX
PA5.Mode=Full_Duplex_Master
PA5.Signal=SPI6_SCK
PA6.Signal=ADCx_INP3
PA7.Mode=Full_Duplex_Master
PA7.Signal=SPI6_MOSI
PA9.Mode=Full_Duplex_Master
PA9.Signal=SPI2_SCK
PB10.Mode=Single Bank 1
PB10.Signal=QUADSPI_BK1_NCS
PB11.Mode=Asynchronous
PB11.Signal=USART3_RX
PB12.Mode=FDCAN_Activate
PB12.Signal=FDCAN2_RX
PB13.Mode=FDCAN_Activate
PB13.Signal=FDCAN2_TX
PB6.GPIOParameters=GPIO_Pu
PB6.GPIO_Pu=GPIO_PULLUP
PB6.Mode=I2C
PB6.Signal=I2C1_SCL
PB7.GPIOParameters=GPIO_Pu
PB7.GPIO_Pu=GPIO_PULLUP
PB7.Mode=I2C
PB7.Signal=I2C1_SDA
PC1.Mode=Full_Duplex_Master
PC1.Signal=SPI2_MOSI
PC10.Mode=SD_4_bits_Wide_bus
PC10.Signal=SDMMC1_D2
PC11.Mode=SD_4_bits_Wide_bus
PC11.Signal=SDMMC1_D3
PC12.Mode=SD_4_bits_Wide_bus
PC12.Signal=SDMMC1_CK
PC2_C.Mode=Full_Duplex_Master
PC2_C.Signal=SPI2_MISO
PC4.Signal=ADCx_INP4
PC6.Mode=Asynchronous
PC6.Signal=USART6_TX
PC7.Mode=Asynchronous
PC7.Signal=USART6_RX
PC8.Mode=SD_4_bits_Wide_bus
PC8.Signal=SDMMC1_D0
PC9.Mode=SD_4_bits_Wide_bus
PC9.Signal=SDMMC1_D1
PD0.Mode=FDCAN_Activate
PD0.Signal=FDCAN1_RX
PD1.Mode=FDCAN_Activate
PD1.Signal=FDCAN1_TX
PD11.Mode=Single Bank 1
PD11.Signal=QUADSPI_BK1_IO0
PD12.Mode=Single Bank 1
PD12.Signal=QUADSPI_BK1_IO1
PD2.Mode=SD_4_bits_Wide_bus
PD2.Signal=SDMMC1_CMD
PD7.Mode=Full_Duplex_Master
PD7.Signal=SPI1_MOSI
PD8.Mode=Asynchronous
PD8.Signal=USART3_TX
PE0.Mode=Asynchronous
PE0.Signal=UART8_RX
PE1.Mode=Asynchronous
PE1.Signal=UART8_TX
PE12.GPIOParameters=PinAttribute
PE12.Mode=Full_Duplex_Master
PE12.PinAttribute=Free
PE12.Signal=SPI4_SCK
PE2.Mode=Single Bank 1
PE2.Signal=QUADSPI_BK1_IO2
PE5.Mode=Full_Duplex_Master
PE5.Signal=SPI4_MISO
PE6.Mode=Full_Duplex_Master
PE6.Signal=SPI4_MOSI
PE7.Mode=Asynchronous
PE7.Signal=UART7_RX
PE8.GPIOParameters=PinAttribute
PE8.Mode=Asynchronous
PE8.PinAttribute=Free
PE8.Signal=UART7_TX
PE9.GPIOParameters=PinAttribute
PE9.PinAttribute=Free
PE9.Signal=S_TIM1_CH1
PF0.GPIOParameters=GPIO_Pu
PF0.GPIO_Pu=GPIO_PULLUP
PF0.Mode=I2C
PF0.Signal=I2C2_SDA
PF1.GPIOParameters=GPIO_Pu
PF1.GPIO_Pu=GPIO_PULLUP
PF1.Mode=I2C
PF1.Signal=I2C2_SCL
PF10.Mode=Single Bank 1
PF10.Signal=QUADSPI_CLK
PF11.Mode=IN2-Single-Ended
PF11.Signal=ADC1_INP2
PF14.GPIOParameters=GPIO_Pu
PF14.GPIO_Pu=GPIO_PULLUP
PF14.Mode=I2C
PF14.Signal=I2C4_SCL
PF15.GPIOParameters=GPIO_Pu
PF15.GPIO_Pu=GPIO_PULLUP
PF15.Mode=I2C
PF15.Signal=I2C4_SDA
PF6.Mode=Single Bank 1
PF6.Signal=QUADSPI_BK1_IO3
PF7.Mode=Full_Duplex_Master
PF7.Signal=SPI5_SCK
PF8.Mode=Full_Duplex_Master
PF8.Signal=SPI5_MISO
PF9.Mode=Full_Duplex_Master
PF9.Signal=SPI5_MOSI
PG11.Mode=Full_Duplex_Master
PG11.Signal=SPI1_SCK
PG12.Mode=Full_Duplex_Master
PG12.Signal=SPI6_MISO
PG9.Mode=Full_Duplex_Master
PG9.Signal=SPI1_MISO
PH0-OSC_IN\ (PH0).Mode=HSE-External-Oscillator
PH0-OSC_IN\ (PH0).Signal=RCC_OSC_IN
PH1-OSC_OUT\ (PH1).Mode=HSE-External-Oscillator
PH1-OSC_OUT\ (PH1).Signal=RCC_OSC_OUT
PinOutPanel.RotationAngle=0
ProjectManager.AskForMigrate=true
ProjectManager.BackupPrevious=false
ProjectManager.CompilerOptimize=6
ProjectManager.ComputerToolchain=false
ProjectManager.CoupleFile=false
ProjectManager.CustomerFirmwarePackage=
ProjectManager.DefaultFWLocation=true
ProjectManager.DeletePrevious=true
ProjectManager.DeviceId=STM32H743ZITx
ProjectManager.FirmwarePackage=STM32Cube FW_H7 V1.10.0
ProjectManager.FreePins=false
ProjectManager.HalAssertFull=false
ProjectManager.HeapSize=0x2000
ProjectManager.KeepUserCode=true
ProjectManager.LastFirmware=true
ProjectManager.LibraryCopy=0
ProjectManager.MainLocation=Src
ProjectManager.NoMain=false
ProjectManager.PreviousToolchain=
ProjectManager.ProjectBuild=false
ProjectManager.ProjectFileName=H7-25MHz.ioc
ProjectManager.ProjectName=H7-25MHz
ProjectManager.RegisterCallBack=
ProjectManager.StackSize=0x4000
ProjectManager.TargetToolchain=Makefile
ProjectManager.ToolChainLocation=
ProjectManager.UnderRoot=false
ProjectManager.functionlistsort=1-MX_GPIO_Init-GPIO-false-HAL-true,2-MX_BDMA_Init-BDMA-false-HAL-true,3-MX_DMA_Init-DMA-false-HAL-true,4-SystemClock_Config-RCC-false-HAL-false,5-MX_ADC1_Init-ADC1-false-HAL-true,6-MX_TIM1_Init-TIM1-false-HAL-true,7-MX_USB_OTG_FS_PCD_Init-USB_OTG_FS-false-HAL-true,8-MX_SPI1_Init-SPI1-false-HAL-true,9-MX_I2C1_Init-I2C1-false-HAL-true,10-MX_I2C2_Init-I2C2-false-HAL-true,11-MX_I2C4_Init-I2C4-false-HAL-true,12-MX_USART2_UART_Init-USART2-false-HAL-true,13-MX_USART3_UART_Init-USART3-false-HAL-true,14-MX_USART6_UART_Init-USART6-false-HAL-true,15-MX_UART4_Init-UART4-false-HAL-true,16-MX_UART7_Init-UART7-false-HAL-true,17-MX_SPI2_Init-SPI2-false-HAL-true,18-MX_SPI4_Init-SPI4-false-HAL-true,19-MX_RTC_Init-RTC-false-HAL-true,20-MX_SPI5_Init-SPI5-false-HAL-true,21-MX_SPI6_Init-SPI6-false-HAL-true,22-MX_SDMMC1_SD_Init-SDMMC1-false-HAL-true,23-MX_FDCAN1_Init-FDCAN1-false-HAL-true,24-MX_FDCAN2_Init-FDCAN2-false-HAL-true,25-MX_UART8_Init-UART8-false-HAL-true,26-MX_QUADSPI_Init-QUADSPI-false-HAL-true,0-MX_CORTEX_M7_Init-CORTEX_M7-false-HAL-true
RCC.ADCCLockSelection=RCC_ADCCLKSOURCE_PLL3
RCC.ADCFreq_Value=30000000
RCC.AHB12Freq_Value=200000000
RCC.AHB4Freq_Value=200000000
RCC.APB1Freq_Value=100000000
RCC.APB2Freq_Value=100000000
RCC.APB3Freq_Value=100000000
RCC.APB4Freq_Value=100000000
RCC.AXIClockFreq_Value=200000000
RCC.CECCLockSelection=RCC_CECCLKSOURCE_LSI
RCC.CECFreq_Value=32000
RCC.CKPERFreq_Value=16000000
RCC.CKPERSourceSelection=RCC_CLKPSOURCE_HSI
RCC.CPU2Freq_Value=100000000
RCC.CPU2SystikFreq_Value=100000000
RCC.CSI_VALUE=4000000
RCC.CortexFreq_Value=400000000
RCC.Cortex_Div=SYSTICK_CLKSOURCE_HCLK
RCC.Cortex_DivARG=SystemCoreClock/1000
RCC.CpuClockFreq_Value=400000000
RCC.D1CPRE=RCC_SYSCLK_DIV1
RCC.D1CPREFreq_Value=400000000
RCC.D1PPRE=RCC_APB3_DIV2
RCC.D2PPRE1=RCC_APB1_DIV2
RCC.D2PPRE2=RCC_APB2_DIV2
RCC.D3PPRE=RCC_APB4_DIV2
RCC.DFSDMACLkFreq_Value=80000000
RCC.DFSDMCLockSelection=RCC_DFSDM1CLKSOURCE_D2PCLK1
RCC.DFSDMFreq_Value=100000000
RCC.DIVM1=2
RCC.DIVM2=5
RCC.DIVM3=5
RCC.DIVN1=64
RCC.DIVN2=120
RCC.DIVN3=48
RCC.DIVP1=2
RCC.DIVP1Freq_Value=400000000
RCC.DIVP2=3
RCC.DIVP2Freq_Value=200000000
RCC.DIVP3=3
RCC.DIVP3Freq_Value=80000000
RCC.DIVQ1=10
RCC.DIVQ1Freq_Value=80000000
RCC.DIVQ2=6
RCC.DIVQ2Freq_Value=100000000
RCC.DIVQ3=5
RCC.DIVQ3Freq_Value=48000000
RCC.DIVR1=2
RCC.DIVR1Freq_Value=400000000
RCC.DIVR2=3
RCC.DIVR2Freq_Value=200000000
RCC.DIVR3=8
RCC.DIVR3Freq_Value=30000000
RCC.DSICLockSelection=RCC_DSICLKSOURCE_PHY
RCC.DSIFreq_Value=96000000
RCC.DSIPHYCLKFreq_Value=96000000
RCC.DSIPHY_Div=8
RCC.DSITXEscFreq_Value=20000000
RCC.DSITX_Div=4
RCC.DSI_PHY_VALUE=12288000
RCC.EXTERNAL_CLOCK_VALUE=12288000
RCC.EnbaleCSS=false
RCC.FDCANCLockSelection=RCC_FDCANCLKSOURCE_PLL
RCC.FDCANFreq_Value=80000000
RCC.FMCCLockSelection=RCC_FMCCLKSOURCE_D1HCLK
RCC.FMCFreq_Value=200000000
RCC.FamilyName=M
RCC.HCLK3ClockFreq_Value=200000000
RCC.HCLKFreq_Value=200000000
RCC.HPRE=RCC_HCLK_DIV2
RCC.HRTIMFreq_Value=200000000
RCC.HSE_VALUE=25000000
RCC.HSIDiv=RCC_PLLSAIDIVR_4
RCC.HSI_VALUE=64000000
RCC.I2C123CLockSelection=RCC_I2C123CLKSOURCE_PLL3
RCC.I2C123Freq_Value=30000000
RCC.I2C4CLockSelection=RCC_I2C4CLKSOURCE_PLL3
RCC.I2C4Freq_Value=30000000
RCC.IPParameters=ADCCLockSelection,ADCFreq_Value,AHB12Freq_Value,AHB4Freq_Value,APB1Freq_Value,APB2Freq_Value,APB3Freq_Value,APB4Freq_Value,AXIClockFreq_Value,CECCLockSelection,CECFreq_Value,CKPERFreq_Value,CKPERSourceSelection,CPU2Freq_Value,CPU2SystikFreq_Value,CSI_VALUE,CortexFreq_Value,Cortex_Div,Cortex_DivARG,CpuClockFreq_Value,D1CPRE,D1CPREFreq_Value,D1PPRE,D2PPRE1,D2PPRE2,D3PPRE,DFSDMACLkFreq_Value,DFSDMCLockSelection,DFSDMFreq_Value,DIVM1,DIVM2,DIVM3,DIVN1,DIVN2,DIVN3,DIVP1,DIVP1Freq_Value,DIVP2,DIVP2Freq_Value,DIVP3,DIVP3Freq_Value,DIVQ1,DIVQ1Freq_Value,DIVQ2,DIVQ2Freq_Value,DIVQ3,DIVQ3Freq_Value,DIVR1,DIVR1Freq_Value,DIVR2,DIVR2Freq_Value,DIVR3,DIVR3Freq_Value,DSICLockSelection,DSIFreq_Value,DSIPHYCLKFreq_Value,DSIPHY_Div,DSITXEscFreq_Value,DSITX_Div,DSI_PHY_VALUE,EXTERNAL_CLOCK_VALUE,EnbaleCSS,FDCANCLockSelection,FDCANFreq_Value,FMCCLockSelection,FMCFreq_Value,FamilyName,HCLK3ClockFreq_Value,HCLKFreq_Value,HPRE,HRTIMFreq_Value,HSE_VALUE,HSIDiv,HSI_VALUE,I2C123CLockSelection,I2C123Freq_Value,I2C4CLockSelection,I2C4Freq_Value,LPTIM1CLockSelection,LPTIM1Freq_Value,LPTIM2CLockSelection,LPTIM2Freq_Value,LPTIM345CLockSelection,LPTIM345Freq_Value,LPUART1CLockSelection,LPUART1Freq_Value,LSEState,LSE_VALUE,LSI_VALUE,LTDCFreq_Value,MCO1PinFreq_Value,MCO2PinFreq_Value,PLL2_VCI_Range-AdvancedSettings,PLL3FRACN,PLLDSIDev,PLLDSIFreq_Value,PLLDSIIDF,PLLDSIMult,PLLDSINDIV,PLLDSIODF,PLLDSIVCOFreq_Value,PLLFRACN,PLLSourceVirtual,PWR_Regulator_Voltage_Scale,QSPICLockSelection,QSPIFreq_Value,RC48_VALUE,RCC_MCO1Source,RCC_MCO2Source,RCC_MCODiv1,RCC_MCODiv2,RCC_RTC_Clock_Source_FROM_HSE,RNGCLockSelection,RNGFreq_Value,RTCFreq_Value,SAI1CLockSelection,SAI1Freq_Value,SAI23CLockSelection,SAI23Freq_Value,SAI4ACLockSelection,SAI4AFreq_Value,SAI4BCLockSelection,SAI4BFreq_Value,SDMMCFreq_Value,SPDIFCLockSelection,SPDIFRXFreq_Value,SPI123CLockSelection,SPI123Freq_Value,SPI45Freq_Value,SPI6CLockSelection,SPI6Freq_Value,SWPCLockSelection,SWPMI1Freq_Value,SYSCLKFreq_VALUE,SYSCLKSource,Spi45ClockSelection,Tim1OutputFreq_Value,Tim2OutputFreq_Value,TraceFreq_Value,USART16CLockSelection,USART16Freq_Value,USART234578CLockSelection,USART234578Freq_Value,USBCLockSelection,USBFreq_Value,VCO1OutputFreq_Value,VCO2OutputFreq_Value,VCO3OutputFreq_Value,VCOInput1Freq_Value,VCOInput2Freq_Value,VCOInput3Freq_Value,WatchDogFreq_Value
RCC.LPTIM1CLockSelection=RCC_LPTIM1CLKSOURCE_D2PCLK1
RCC.LPTIM1Freq_Value=100000000
RCC.LPTIM2CLockSelection=RCC_LPTIM2CLKSOURCE_D3PCLK1
RCC.LPTIM2Freq_Value=100000000
RCC.LPTIM345CLockSelection=RCC_LPTIM345CLKSOURCE_D3PCLK1
RCC.LPTIM345Freq_Value=100000000
RCC.LPUART1CLockSelection=RCC_LPUART1CLKSOURCE_D3PCLK1
RCC.LPUART1Freq_Value=100000000
RCC.LSEState=RCC_LSE_OFF
RCC.LSE_VALUE=32768
RCC.LSI_VALUE=32000
RCC.LTDCFreq_Value=30000000
RCC.MCO1PinFreq_Value=16000000
RCC.MCO2PinFreq_Value=400000000
RCC.PLL2_VCI_Range-AdvancedSettings=RCC_PLL2VCIRANGE_0
RCC.PLL3FRACN=0
RCC.PLLDSIDev=2
RCC.PLLDSIFreq_Value=500000000
RCC.PLLDSIIDF=DSI_PLL_IN_DIV1
RCC.PLLDSIMult=2
RCC.PLLDSINDIV=20
RCC.PLLDSIODF=DSI_PLL_OUT_DIV1
RCC.PLLDSIVCOFreq_Value=500000000
RCC.PLLFRACN=0
RCC.PLLSourceVirtual=RCC_PLLSOURCE_HSE
RCC.PWR_Regulator_Voltage_Scale=PWR_REGULATOR_VOLTAGE_SCALE1
RCC.QSPICLockSelection=RCC_QSPICLKSOURCE_PLL2
RCC.QSPIFreq_Value=200000000
RCC.RC48_VALUE=48000000
RCC.RCC_MCO1Source=RCC_MCO1SOURCE_HSI
RCC.RCC_MCO2Source=RCC_MCO2SOURCE_SYSCLK
RCC.RCC_MCODiv1=RCC_MCODIV_1
RCC.RCC_MCODiv2=RCC_MCODIV_1
RCC.RCC_RTC_Clock_Source_FROM_HSE=RCC_RTCCLKSOURCE_HSE_DIV2
RCC.RNGCLockSelection=RCC_RNGCLKSOURCE_HSI48
RCC.RNGFreq_Value=48000000
RCC.RTCFreq_Value=32000
RCC.SAI1CLockSelection=RCC_SAI1CLKSOURCE_PLL
RCC.SAI1Freq_Value=80000000
RCC.SAI23CLockSelection=RCC_SAI23CLKSOURCE_PLL
RCC.SAI23Freq_Value=80000000
RCC.SAI4ACLockSelection=RCC_SAI4ACLKSOURCE_PLL
RCC.SAI4AFreq_Value=80000000
RCC.SAI4BCLockSelection=RCC_SAI4BCLKSOURCE_PLL
RCC.SAI4BFreq_Value=80000000
RCC.SDMMCFreq_Value=80000000
RCC.SPDIFCLockSelection=RCC_SPDIFRXCLKSOURCE_PLL
RCC.SPDIFRXFreq_Value=80000000
RCC.SPI123CLockSelection=RCC_SPI123CLKSOURCE_PLL
RCC.SPI123Freq_Value=80000000
RCC.SPI45Freq_Value=100000000
RCC.SPI6CLockSelection=RCC_SPI6CLKSOURCE_PLL2
RCC.SPI6Freq_Value=100000000
RCC.SWPCLockSelection=RCC_SWPMI1CLKSOURCE_D2PCLK1
RCC.SWPMI1Freq_Value=100000000
RCC.SYSCLKFreq_VALUE=400000000
RCC.SYSCLKSource=RCC_SYSCLKSOURCE_PLLCLK
RCC.Spi45ClockSelection=RCC_SPI45CLKSOURCE_PLL2
RCC.Tim1OutputFreq_Value=200000000
RCC.Tim2OutputFreq_Value=200000000
RCC.TraceFreq_Value=16000000
RCC.USART16CLockSelection=RCC_USART16CLKSOURCE_PLL2
RCC.USART16Freq_Value=100000000
RCC.USART234578CLockSelection=RCC_USART234578CLKSOURCE_PLL2
RCC.USART234578Freq_Value=100000000
RCC.USBCLockSelection=RCC_USBCLKSOURCE_PLL3
RCC.USBFreq_Value=48000000
RCC.VCO1OutputFreq_Value=800000000
RCC.VCO2OutputFreq_Value=600000000
RCC.VCO3OutputFreq_Value=240000000
RCC.VCOInput1Freq_Value=12500000
RCC.VCOInput2Freq_Value=5000000
RCC.VCOInput3Freq_Value=5000000
RCC.WatchDogFreq_Value=32000
SH.ADCx_INP3.0=ADC1_INP3,IN3-Single-Ended
SH.ADCx_INP3.ConfNb=1
SH.ADCx_INP4.0=ADC1_INP4,IN4-Single-Ended
SH.ADCx_INP4.ConfNb=1
SH.S_TIM1_CH1.0=TIM1_CH1,Input_Capture1_from_TI1
SH.S_TIM1_CH1.ConfNb=1
SPI1.CalculateBaudRate=40.0 MBits/s
SPI1.Direction=SPI_DIRECTION_2LINES
SPI1.IPParameters=VirtualType,Mode,Direction,CalculateBaudRate
SPI1.Mode=SPI_MODE_MASTER
SPI1.VirtualType=VM_MASTER
SPI2.CalculateBaudRate=40.0 MBits/s
SPI2.Direction=SPI_DIRECTION_2LINES
SPI2.IPParameters=VirtualType,Mode,Direction,CalculateBaudRate
SPI2.Mode=SPI_MODE_MASTER
SPI2.VirtualType=VM_MASTER
SPI4.BaudRatePrescaler=SPI_BAUDRATEPRESCALER_2
SPI4.CalculateBaudRate=50.0 MBits/s
SPI4.Direction=SPI_DIRECTION_2LINES
SPI4.IPParameters=VirtualType,Mode,Direction,CalculateBaudRate,BaudRatePrescaler
SPI4.Mode=SPI_MODE_MASTER
SPI4.VirtualType=VM_MASTER
SPI5.BaudRatePrescaler=SPI_BAUDRATEPRESCALER_2
SPI5.CLKPolarity=SPI_POLARITY_HIGH
SPI5.CalculateBaudRate=50.0 MBits/s
SPI5.DataSize=SPI_DATASIZE_8BIT
SPI5.Direction=SPI_DIRECTION_2LINES
SPI5.IPParameters=VirtualType,Mode,Direction,CalculateBaudRate,DataSize,CLKPolarity,BaudRatePrescaler
SPI5.Mode=SPI_MODE_MASTER
SPI5.VirtualType=VM_MASTER
SPI6.CalculateBaudRate=50.0 MBits/s
SPI6.Direction=SPI_DIRECTION_2LINES
SPI6.IPParameters=VirtualType,Mode,Direction,CalculateBaudRate
SPI6.Mode=SPI_MODE_MASTER
SPI6.VirtualType=VM_MASTER
TIM1.Channel-Input_Capture1_from_TI1=TIM_CHANNEL_1
TIM1.IPParameters=Channel-Input_Capture1_from_TI1
USART2.IPParameters=VirtualMode-Asynchronous
USART2.VirtualMode-Asynchronous=VM_ASYNC
USART3.IPParameters=VirtualMode-Asynchronous
USART3.VirtualMode-Asynchronous=VM_ASYNC
USART6.IPParameters=VirtualMode-Asynchronous
USART6.VirtualMode-Asynchronous=VM_ASYNC
USB_OTG_FS.IPParameters=VirtualMode
USB_OTG_FS.VirtualMode=Device_Only
VP_RTC_VS_RTC_Activate.Mode=RTC_Enabled
VP_RTC_VS_RTC_Activate.Signal=RTC_VS_RTC_Activate
VP_SYS_VS_Systick.Mode=SysTick
VP_SYS_VS_Systick.Signal=SYS_VS_Systick
board=custom
