#MicroXplorer Configuration settings - do not modify
Mcu.Family=STM32F7
ProjectManager.MainLocation=Core/Src
RCC.I2SFreq_Value=96000000
PH0-OSC_IN.Locked=true
ProjectManager.ProjectFileName=F732-24MHz.ioc
PH0-OSC_IN.Signal=RCC_OSC_IN
RCC.SAI1Freq_Value=96000000
ProjectManager.KeepUserCode=true
Mcu.UserName=STM32F732RETx
Mcu.PinsNb=21
ProjectManager.NoMain=false
PC11.Locked=true
PC12.Locked=true
RCC.PLLCLKFreq_Value=96000000
PC11.Signal=SPI3_MISO
PC12.Signal=SPI3_MOSI
CAN1.IPParameters=CalculateTimeQuantum,CalculateTimeBit,CalculateBaudRate
RCC.PLLQCLKFreq_Value=96000000
CAN1.CalculateBaudRate=333333
ProjectManager.functionlistsort=
PC9.Locked=true
ProjectManager.DefaultFWLocation=true
RCC.PLLI2SRCLKFreq_Value=96000000
ProjectManager.DeletePrevious=true
PB10.Locked=true
PB11.Signal=USART3_RX
PinOutPanel.RotationAngle=0
RCC.FamilyName=M
ProjectManager.StackSize=0x400
PA13.Signal=SYS_JTMS-SWDIO
Mcu.IP4=SYS
Mcu.IP2=NVIC
NVIC.SVCall_IRQn=true\:0\:0\:false\:false\:true\:false\:false
Mcu.IP3=RCC
Mcu.IP0=CAN1
PA11.Locked=true
PA12.Locked=true
PA15.Locked=true
Mcu.IP1=CORTEX_M7
PA12.Signal=USB_OTG_FS_DP
Mcu.UserConstants=
ProjectManager.TargetToolchain=EWARM V8.32
RCC.SDMMCFreq_Value=16000000
Mcu.ThirdPartyNb=0
Mcu.IPNb=5
ProjectManager.PreviousToolchain=
PB9.Mode=CAN_Activate
PB6.Signal=I2C1_SCL
PB9.Locked=true
Mcu.Pin6=PC9
RCC.SAI2Freq_Value=96000000
Mcu.Pin7=PA8
ProjectManager.RegisterCallBack=
Mcu.Pin8=PA11
RCC.USBFreq_Value=96000000
Mcu.Pin9=PA12
RCC.VCOSAIOutputFreq_Value=192000000
RCC.PLLSAIoutputFreq_Value=96000000
RCC.LSE_VALUE=32768
PH0-OSC_IN.Mode=HSE-External-Oscillator
Mcu.Pin0=PH0-OSC_IN
Mcu.Pin1=PH1-OSC_OUT
GPIO.groupedBy=
Mcu.Pin2=PA2
PB10.Signal=USART3_TX
Mcu.Pin3=PA3
Mcu.Pin4=PB10
RCC.VCOI2SOutputFreq_Value=192000000
Mcu.Pin5=PB11
ProjectManager.ProjectBuild=false
RCC.HSE_VALUE=25000000
NVIC.UsageFault_IRQn=true\:0\:0\:false\:false\:true\:false\:false
NVIC.DebugMonitor_IRQn=true\:0\:0\:false\:false\:true\:false\:false
PA8.Locked=true
RCC.PLLSAIPCLKFreq_Value=96000000
board=custom
RCC.VCOOutputFreq_Value=192000000
NVIC.SysTick_IRQn=true\:0\:0\:false\:false\:true\:false\:true
ProjectManager.LastFirmware=true
ProjectManager.FirmwarePackage=STM32Cube FW_F7 V1.16.1
MxDb.Version=DB.6.0.10
ProjectManager.BackupPrevious=false
MxCube.Version=6.1.1
RCC.VCOInputFreq_Value=1000000
RCC.RNGFreq_Value=96000000
File.Version=6
VP_SYS_VS_Systick.Mode=SysTick
PH1-OSC_OUT.Locked=true
PH1-OSC_OUT.Signal=RCC_OSC_OUT
PB7.Signal=I2C1_SDA
PA8.Signal=I2C3_SCL
PB8.Locked=true
NVIC.NonMaskableInt_IRQn=true\:0\:0\:false\:false\:true\:false\:false
PB6.Locked=true
NVIC.PendSV_IRQn=true\:0\:0\:false\:false\:true\:false\:false
ProjectManager.FreePins=false
RCC.IPParameters=FamilyName,HSE_VALUE,HSI_VALUE,I2SFreq_Value,LSE_VALUE,LSI_VALUE,PLLCLKFreq_Value,PLLI2SQCLKFreq_Value,PLLI2SRCLKFreq_Value,PLLQCLKFreq_Value,PLLSAIPCLKFreq_Value,PLLSAIQCLKFreq_Value,PLLSAIoutputFreq_Value,RNGFreq_Value,SAI1Freq_Value,SAI2Freq_Value,SDMMCFreq_Value,USBFreq_Value,VCOI2SOutputFreq_Value,VCOInputFreq_Value,VCOOutputFreq_Value,VCOSAIOutputFreq_Value
ProjectManager.AskForMigrate=true
Mcu.Name=STM32F732RETx
RCC.PLLI2SQCLKFreq_Value=96000000
ProjectManager.HalAssertFull=false
PA2.Signal=USART2_TX
ProjectManager.ProjectName=F732-24MHz
ProjectManager.UnderRoot=false
ProjectManager.CoupleFile=false
PH1-OSC_OUT.Mode=HSE-External-Oscillator
PB3.Signal=SPI3_SCK
Mcu.Package=LQFP64
PB9.Signal=CAN1_TX
Mcu.Pin20=VP_SYS_VS_Systick
PA3.Locked=true
NVIC.ForceEnableDMAVector=true
KeepUserPlacement=false
NVIC.MemoryManagement_IRQn=true\:0\:0\:false\:false\:true\:false\:false
PA13.Locked=true
PA14.Locked=true
ProjectManager.CompilerOptimize=6
ProjectManager.ToolChainLocation=
RCC.LSI_VALUE=32000
VP_SYS_VS_Systick.Signal=SYS_VS_Systick
PA11.Signal=USB_OTG_FS_DM
PA14.Signal=SYS_JTCK-SWCLK
PA15.Signal=SPI3_NSS
ProjectManager.HeapSize=0x200
Mcu.Pin15=PB3
NVIC.HardFault_IRQn=true\:0\:0\:false\:false\:true\:false\:false
Mcu.Pin16=PB6
Mcu.Pin13=PC11
Mcu.Pin14=PC12
Mcu.Pin19=PB9
ProjectManager.ComputerToolchain=false
Mcu.Pin17=PB7
RCC.HSI_VALUE=16000000
Mcu.Pin18=PB8
NVIC.PriorityGroup=NVIC_PRIORITYGROUP_4
Mcu.Pin11=PA14
Mcu.Pin12=PA15
PB8.Mode=CAN_Activate
Mcu.Pin10=PA13
PB7.Locked=true
PB8.Signal=CAN1_RX
NVIC.BusFault_IRQn=true\:0\:0\:false\:false\:true\:false\:false
PC9.Signal=I2C3_SDA
CAN1.CalculateTimeBit=3000.00
ProjectManager.CustomerFirmwarePackage=
PB11.Locked=true
ProjectManager.DeviceId=STM32F732RETx
ProjectManager.LibraryCopy=0
RCC.PLLSAIQCLKFreq_Value=96000000
PB3.Locked=true
CAN1.CalculateTimeQuantum=1000.0
PA3.Signal=USART2_RX
PA2.Locked=true
