<?xml version="1.0" encoding="utf-8"?>
<Project ToolsVersion="4.0" xmlns="http://schemas.microsoft.com/developer/msbuild/2003">
  <ItemGroup>
    <Filter Include="Source Files">
      <UniqueIdentifier>{23661a55-b792-4b76-af7a-0b627e274aa4}</UniqueIdentifier>
      <Extensions>cpp;c;cxx;rc;def;r;odl;idl;hpj;bat</Extensions>
    </Filter>
    <Filter Include="Header Files">
      <UniqueIdentifier>{b1153147-ff22-4acb-859d-313b66bc9755}</UniqueIdentifier>
      <Extensions>h;hpp;hxx;hm;inl</Extensions>
    </Filter>
  </ItemGroup>
  <ItemGroup>
    <ClInclude Include="soapH.h">
      <Filter>Header Files</Filter>
    </ClInclude>
    <ClInclude Include="soapStub.h">
      <Filter>Header Files</Filter>
    </ClInclude>
  </ItemGroup>
  <ItemGroup>
    <ClCompile Include="dimeclient.cpp">
      <Filter>Source Files</Filter>
    </ClCompile>
    <ClCompile Include="soap2stuff.cpp">
      <Filter>Source Files</Filter>
    </ClCompile>
    <ClCompile Include="soapC.cpp">
      <Filter>Source Files</Filter>
    </ClCompile>
    <ClCompile Include="soapClient.cpp">
      <Filter>Source Files</Filter>
    </ClCompile>
    <ClCompile Include="winstuff.cpp">
      <Filter>Source Files</Filter>
    </ClCompile>
  </ItemGroup>
  <ItemGroup>
    <CustomBuild Include="dime.h">
      <Filter>Source Files</Filter>
    </CustomBuild>
  </ItemGroup>
</Project>