<?xml version="1.0" encoding="utf-8"?>
<Project ToolsVersion="4.0" xmlns="http://schemas.microsoft.com/developer/msbuild/2003">
  <ItemGroup>
    <Filter Include="Source Files">
      <UniqueIdentifier>{88fe36c6-19f5-4b43-a1f2-6c9b8a7f1023}</UniqueIdentifier>
      <Extensions>cpp;c;cxx;rc;def;r;odl;idl;hpj;bat</Extensions>
    </Filter>
    <Filter Include="Header Files">
      <UniqueIdentifier>{1e347537-2d8a-48d5-b8d9-e355354ec09e}</UniqueIdentifier>
      <Extensions>h;hpp;hxx;hm;inl</Extensions>
    </Filter>
  </ItemGroup>
  <ItemGroup>
    <ClInclude Include="soapH.h">
      <Filter>Header Files</Filter>
    </ClInclude>
    <ClInclude Include="soapStub.h">
      <Filter>Header Files</Filter>
    </ClInclude>
  </ItemGroup>
  <ItemGroup>
    <ClCompile Include="dimeserver.cpp">
      <Filter>Source Files</Filter>
    </ClCompile>
    <ClCompile Include="soap2stuff.cpp">
      <Filter>Source Files</Filter>
    </ClCompile>
    <ClCompile Include="soapC.cpp">
      <Filter>Source Files</Filter>
    </ClCompile>
    <ClCompile Include="soapServer.cpp">
      <Filter>Source Files</Filter>
    </ClCompile>
    <ClCompile Include="winstuff.cpp">
      <Filter>Source Files</Filter>
    </ClCompile>
  </ItemGroup>
  <ItemGroup>
    <CustomBuild Include="dime.h">
      <Filter>Source Files</Filter>
    </CustomBuild>
    <CustomBuild Include="stdsoap2.def">
      <Filter>Source Files</Filter>
    </CustomBuild>
  </ItemGroup>
</Project>